{
  "object": {
    "pins": [
      {
        "package": "SwiftSoup",
        "repositoryURL": "https://github.com/scinfu/SwiftSoup.git",
        "state": {
          "branch": null,
          "revision": "3c2c7e1e72b8abd96eafbae80323c5c1e5317437",
          "version": "2.7.5"
        }
      }
    ]
  },
  "version": 1
}
