PODS:
  - Mockingjay (3.0.0-alpha.1):
    - Mockingjay/Core (= 3.0.0-alpha.1)
    - Mockingjay/XCTest (= 3.0.0-alpha.1)
  - Mockingjay/Core (3.0.0-alpha.1):
    - URITemplate (~> 3.0)
  - Mockingjay/XCTest (3.0.0-alpha.1):
    - Mockingjay/Core
  - Nimble (9.2.1)
  - Quick (5.0.1)
  - SwiftLint (0.50.3)
  - URITemplate (3.0.1)

DEPENDENCIES:
  - Mockingjay (from `https://github.com/kylef/Mockingjay.git`, branch `master`)
  - Nimble (~> 9.2.0)
  - Quick
  - SwiftLint

SPEC REPOS:
  trunk:
    - Nimble
    - Quick
    - SwiftLint
    - URITemplate

EXTERNAL SOURCES:
  Mockingjay:
    :branch: master
    :git: https://github.com/kylef/Mockingjay.git

CHECKOUT OPTIONS:
  Mockingjay:
    :commit: b88c9dce2b7561cccbf35e2882b3c71a2efa387a
    :git: https://github.com/kylef/Mockingjay.git

SPEC CHECKSUMS:
  Mockingjay: 97656c6f59879923976a0a52ef09da45756cca82
  Nimble: e7e615c0335ee4bf5b0d786685451e62746117d5
  Quick: 749aa754fd1e7d984f2000fe051e18a3a9809179
  SwiftLint: 77f7cb2b9bb81ab4a12fcc86448ba3f11afa50c6
  URITemplate: 5f5a79f3e384884102c4e6b3325d159c20a8035a

PODFILE CHECKSUM: dc613f6df4a5bebf842fae1d8e8f3ecbf6139db0

COCOAPODS: 1.11.2
