// !$*UTF8*$!
{
	archiveVersion = 1;
	classes = {
	};
	objectVersion = 48;
	objects = {

/* Begin PBXBuildFile section */
		01764BC42087742100D0D673 /* ConfigurationSpec.swift in Sources */ = {isa = PBXBuildFile; fileRef = 01764BC32087742100D0D673 /* ConfigurationSpec.swift */; };
		01764BC62087775800D0D673 /* config_valid.plist in Resources */ = {isa = PBXBuildFile; fileRef = 01764BC52087775800D0D673 /* config_valid.plist */; };
		01764BC82087794000D0D673 /* config_valid2.plist in Resources */ = {isa = PBXBuildFile; fileRef = 01764BC72087793F00D0D673 /* config_valid2.plist */; };
		0191639C207E11BF005FD174 /* Logger.swift in Sources */ = {isa = PBXBuildFile; fileRef = 0191639B207E11BF005FD174 /* Logger.swift */; };
		0191639F207E14D9005FD174 /* LogLevel.swift in Sources */ = {isa = PBXBuildFile; fileRef = 0191639E207E14D9005FD174 /* LogLevel.swift */; };
		019163A3207E15FB005FD174 /* LoggerSpec.swift in Sources */ = {isa = PBXBuildFile; fileRef = 019163A2207E15FB005FD174 /* LoggerSpec.swift */; };
		019163A5207E1904005FD174 /* LogLevelSpec.swift in Sources */ = {isa = PBXBuildFile; fileRef = 019163A4207E1904005FD174 /* LogLevelSpec.swift */; };
		019F1AC52087666900368FB1 /* DataType.swift in Sources */ = {isa = PBXBuildFile; fileRef = 019F1AC42087666800368FB1 /* DataType.swift */; };
		01C2AD4C208F60ED0012F663 /* TrackingParameters.swift in Sources */ = {isa = PBXBuildFile; fileRef = 01C2AD4B208F60ED0012F663 /* TrackingParameters.swift */; };
		01C2AD4E208F61000012F663 /* CustomerParameters.swift in Sources */ = {isa = PBXBuildFile; fileRef = 01C2AD4D208F61000012F663 /* CustomerParameters.swift */; };
		01EC2DA5207E4F8F0031BFEB /* RecommendationRequest.swift in Sources */ = {isa = PBXBuildFile; fileRef = 01EC2DA4207E4F8F0031BFEB /* RecommendationRequest.swift */; };
		01EC2DA7207E4FBA0031BFEB /* EventsRequest.swift in Sources */ = {isa = PBXBuildFile; fileRef = 01EC2DA6207E4FBA0031BFEB /* EventsRequest.swift */; };
		01EC2DA9207E4FC10031BFEB /* CustomerExportRequest.swift in Sources */ = {isa = PBXBuildFile; fileRef = 01EC2DA8207E4FC10031BFEB /* CustomerExportRequest.swift */; };
		01EC2DAB207E53D90031BFEB /* AttributesListDescription.swift in Sources */ = {isa = PBXBuildFile; fileRef = 01EC2DAA207E53D90031BFEB /* AttributesListDescription.swift */; };
		01EC2DAD207E53E40031BFEB /* AttributesDescription.swift in Sources */ = {isa = PBXBuildFile; fileRef = 01EC2DAC207E53E40031BFEB /* AttributesDescription.swift */; };
		01EC2DB2207E55CB0031BFEB /* TrackingManager.swift in Sources */ = {isa = PBXBuildFile; fileRef = 01EC2DB1207E55CB0031BFEB /* TrackingManager.swift */; };
		01EC2DB4207E58080031BFEB /* EventType.swift in Sources */ = {isa = PBXBuildFile; fileRef = 01EC2DB3207E58080031BFEB /* EventType.swift */; };
		01EC2DB6207E5F600031BFEB /* TrackingManagerType.swift in Sources */ = {isa = PBXBuildFile; fileRef = 01EC2DB5207E5F600031BFEB /* TrackingManagerType.swift */; };
		01EC2DBD207E68BF0031BFEB /* DatabaseManager.swift in Sources */ = {isa = PBXBuildFile; fileRef = 01EC2DB9207E68BF0031BFEB /* DatabaseManager.swift */; };
		01EC2DBE207E68BF0031BFEB /* DatabaseManagerType.swift in Sources */ = {isa = PBXBuildFile; fileRef = 01EC2DBA207E68BF0031BFEB /* DatabaseManagerType.swift */; };
		01EC2DBF207E68BF0031BFEB /* DatabaseModel.xcdatamodeld in Sources */ = {isa = PBXBuildFile; fileRef = 01EC2DBB207E68BF0031BFEB /* DatabaseModel.xcdatamodeld */; };
		01EC2DC1207F63970031BFEB /* FlushingMode.swift in Sources */ = {isa = PBXBuildFile; fileRef = 01EC2DC0207F63970031BFEB /* FlushingMode.swift */; };
		C01E19EA20C02A4D00DF64F9 /* ErrorResponse.swift in Sources */ = {isa = PBXBuildFile; fileRef = C01E19E920C02A4D00DF64F9 /* ErrorResponse.swift */; };
		C02252C920B5F5FC00FDB7E3 /* JSONConvertible.swift in Sources */ = {isa = PBXBuildFile; fileRef = C02252C820B5F5FC00FDB7E3 /* JSONConvertible.swift */; };
		C0753E9020A43D3900A779FF /* RepositoryError.swift in Sources */ = {isa = PBXBuildFile; fileRef = C0753E8F20A43D3900A779FF /* RepositoryError.swift */; };
		C0753E9220A574AE00A779FF /* TrackEvent+DataType.swift in Sources */ = {isa = PBXBuildFile; fileRef = C0753E9120A574AE00A779FF /* TrackEvent+DataType.swift */; };
		C0753E9720A5808C00A779FF /* NSPersistentContainer+Bundle.swift in Sources */ = {isa = PBXBuildFile; fileRef = C0753E9620A5808C00A779FF /* NSPersistentContainer+Bundle.swift */; };
		C07E41FD20C930C400920809 /* TrackEventViewController.swift in Sources */ = {isa = PBXBuildFile; fileRef = C07E41FC20C930C400920809 /* TrackEventViewController.swift */; };
		C07E41FF20C930E400920809 /* IdentifyCustomerViewController.swift in Sources */ = {isa = PBXBuildFile; fileRef = C07E41FE20C930E400920809 /* IdentifyCustomerViewController.swift */; };
		C07E420120CA896B00920809 /* PersonalizationResponse.swift in Sources */ = {isa = PBXBuildFile; fileRef = C07E420020CA896B00920809 /* PersonalizationResponse.swift */; };
		C07E420520CA898700920809 /* BannerResponse.swift in Sources */ = {isa = PBXBuildFile; fileRef = C07E420420CA898700920809 /* BannerResponse.swift */; };
		C07E420920CA89DE00920809 /* PersonalizationRequest.swift in Sources */ = {isa = PBXBuildFile; fileRef = C07E420820CA89DE00920809 /* PersonalizationRequest.swift */; };
		C07E420B20CA8A3300920809 /* Banner.swift in Sources */ = {isa = PBXBuildFile; fileRef = C07E420A20CA8A3300920809 /* Banner.swift */; };
		C07E420D20CA8A3C00920809 /* Personalization.swift in Sources */ = {isa = PBXBuildFile; fileRef = C07E420C20CA8A3C00920809 /* Personalization.swift */; };
		C07E420F20CA8AF700920809 /* DateFilter.swift in Sources */ = {isa = PBXBuildFile; fileRef = C07E420E20CA8AF700920809 /* DateFilter.swift */; };
		C07E421220CA8B9900920809 /* DeviceTarget.swift in Sources */ = {isa = PBXBuildFile; fileRef = C07E421120CA8B9900920809 /* DeviceTarget.swift */; };
		C07E421420CA8C1B00920809 /* BannerFrequency.swift in Sources */ = {isa = PBXBuildFile; fileRef = C07E421320CA8C1B00920809 /* BannerFrequency.swift */; };
		C07E421620CA8D1800920809 /* BannerTrigger.swift in Sources */ = {isa = PBXBuildFile; fileRef = C07E421520CA8D1800920809 /* BannerTrigger.swift */; };
		C07F1BC7209A474A004FE933 /* EntityValueResponse.swift in Sources */ = {isa = PBXBuildFile; fileRef = C07F1BC6209A474A004FE933 /* EntityValueResponse.swift */; };
		C0843CF120B6E7C900FAF0CB /* ExponeaSDK.framework in Frameworks */ = {isa = PBXBuildFile; fileRef = F021E859206CF10200788ABC /* ExponeaSDK.framework */; };
		C0843CF220B6E7C900FAF0CB /* ExponeaSDK.framework in Embed Frameworks */ = {isa = PBXBuildFile; fileRef = F021E859206CF10200788ABC /* ExponeaSDK.framework */; settings = {ATTRIBUTES = (CodeSignOnCopy, RemoveHeadersOnCopy, ); }; };
		C0D9B07920A38A8C0066FB1E /* PaymentManagerDelegate.swift in Sources */ = {isa = PBXBuildFile; fileRef = C0D9B07820A38A8C0066FB1E /* PaymentManagerDelegate.swift */; };
		C0D9B07B20A3B2410066FB1E /* TrackingManagerError.swift in Sources */ = {isa = PBXBuildFile; fileRef = C0D9B07A20A3B2410066FB1E /* TrackingManagerError.swift */; };
		C0D9B07D20A3B24A0066FB1E /* ExponeaError.swift in Sources */ = {isa = PBXBuildFile; fileRef = C0D9B07C20A3B24A0066FB1E /* ExponeaError.swift */; };
		C0D9B07F20A3B8070066FB1E /* DatabaseManagerError.swift in Sources */ = {isa = PBXBuildFile; fileRef = C0D9B07E20A3B8070066FB1E /* DatabaseManagerError.swift */; };
		C0D9B08120A3C0D50066FB1E /* Authorization.swift in Sources */ = {isa = PBXBuildFile; fileRef = C0D9B08020A3C0D50066FB1E /* Authorization.swift */; };
		C0E6775F20A6E3F800789861 /* Customer+DataType.swift in Sources */ = {isa = PBXBuildFile; fileRef = C0E6775E20A6E3F800789861 /* Customer+DataType.swift */; };
		C0EB5D8A20B6EABC00F1031F /* TrackCustomer+DataType.swift in Sources */ = {isa = PBXBuildFile; fileRef = C0EB5D8920B6EABC00F1031F /* TrackCustomer+DataType.swift */; };
		C0EB5D8C20B70D5000F1031F /* Swizzler.swift in Sources */ = {isa = PBXBuildFile; fileRef = C0EB5D8B20B70D5000F1031F /* Swizzler.swift */; };
		C0EB5D8E20B710A900F1031F /* Data+TokenString.swift in Sources */ = {isa = PBXBuildFile; fileRef = C0EB5D8D20B710A900F1031F /* Data+TokenString.swift */; };
		C0EB5D9020B7F8A900F1031F /* DispatchQueue+OnceTracker.swift in Sources */ = {isa = PBXBuildFile; fileRef = C0EB5D8F20B7F8A900F1031F /* DispatchQueue+OnceTracker.swift */; };
		C0EB5D9320B811F900F1031F /* PushNotificationManager.swift in Sources */ = {isa = PBXBuildFile; fileRef = C0EB5D9220B811F900F1031F /* PushNotificationManager.swift */; };
		C0EB5D9520B8123200F1031F /* PushNotificationSelectors.swift in Sources */ = {isa = PBXBuildFile; fileRef = C0EB5D9420B8123200F1031F /* PushNotificationSelectors.swift */; };
		C0EB5D9720B8190500F1031F /* FetchViewController.swift in Sources */ = {isa = PBXBuildFile; fileRef = C0EB5D9620B8190500F1031F /* FetchViewController.swift */; };
		C0EB5D9B20B8193200F1031F /* FlushingViewController.swift in Sources */ = {isa = PBXBuildFile; fileRef = C0EB5D9A20B8193200F1031F /* FlushingViewController.swift */; };
		C0EB5D9D20B8193A00F1031F /* TrackingViewController.swift in Sources */ = {isa = PBXBuildFile; fileRef = C0EB5D9C20B8193A00F1031F /* TrackingViewController.swift */; };
		C0EB5D9F20BB530000F1031F /* ExponeaType.swift in Sources */ = {isa = PBXBuildFile; fileRef = C0EB5D9E20BB530000F1031F /* ExponeaType.swift */; };
		C0EB5DA620BB59BD00F1031F /* RequestParametersType.swift in Sources */ = {isa = PBXBuildFile; fileRef = C0EB5DA520BB59BD00F1031F /* RequestParametersType.swift */; };
		C0F2406A20BC38EC00CAF7CE /* Swizzle.swift in Sources */ = {isa = PBXBuildFile; fileRef = C0F2406920BC38EC00CAF7CE /* Swizzle.swift */; };
		C0F2406C20BC50A000CAF7CE /* Exponea+Fetching.swift in Sources */ = {isa = PBXBuildFile; fileRef = C0F2406B20BC50A000CAF7CE /* Exponea+Fetching.swift */; };
		C0F2406E20BC511500CAF7CE /* Exponea+Tracking.swift in Sources */ = {isa = PBXBuildFile; fileRef = C0F2406D20BC511500CAF7CE /* Exponea+Tracking.swift */; };
		C0F2407020BD98EB00CAF7CE /* MemoryLogger.swift in Sources */ = {isa = PBXBuildFile; fileRef = C0F2406F20BD98EB00CAF7CE /* MemoryLogger.swift */; };
		C0F2407220BD9A5500CAF7CE /* LogViewController.swift in Sources */ = {isa = PBXBuildFile; fileRef = C0F2407120BD9A5500CAF7CE /* LogViewController.swift */; };
		C0F2407420BDA42600CAF7CE /* ExportFormat.swift in Sources */ = {isa = PBXBuildFile; fileRef = C0F2407320BDA42600CAF7CE /* ExportFormat.swift */; };
		C0F6C4E32098A1AB00834E21 /* AppDelegate.swift in Sources */ = {isa = PBXBuildFile; fileRef = C0F6C4E22098A1AB00834E21 /* AppDelegate.swift */; };
		C0F6C4E52098A1AB00834E21 /* AuthenticationViewController.swift in Sources */ = {isa = PBXBuildFile; fileRef = C0F6C4E42098A1AB00834E21 /* AuthenticationViewController.swift */; };
		C0F6C4E82098A1AB00834E21 /* Main.storyboard in Resources */ = {isa = PBXBuildFile; fileRef = C0F6C4E62098A1AB00834E21 /* Main.storyboard */; };
		C0F6C4EA2098A1AC00834E21 /* Assets.xcassets in Resources */ = {isa = PBXBuildFile; fileRef = C0F6C4E92098A1AC00834E21 /* Assets.xcassets */; };
		C0F6C4ED2098A1AC00834E21 /* LaunchScreen.storyboard in Resources */ = {isa = PBXBuildFile; fileRef = C0F6C4EB2098A1AC00834E21 /* LaunchScreen.storyboard */; };
		D20134EC7D150032774DF78D /* Pods_ExponeaSDKTests.framework in Frameworks */ = {isa = PBXBuildFile; fileRef = 080033AD83490110B7A029BD /* Pods_ExponeaSDKTests.framework */; };
		F01ADE622084D58600E20662 /* DevicePropertiesSpec.swift in Sources */ = {isa = PBXBuildFile; fileRef = F01ADE612084D58600E20662 /* DevicePropertiesSpec.swift */; };
		F021E863206CF10200788ABC /* ExponeaSDK.framework in Frameworks */ = {isa = PBXBuildFile; fileRef = F021E859206CF10200788ABC /* ExponeaSDK.framework */; };
		F021E86A206CF10200788ABC /* ExponeaSDK.h in Headers */ = {isa = PBXBuildFile; fileRef = F021E85C206CF10200788ABC /* ExponeaSDK.h */; settings = {ATTRIBUTES = (Public, ); }; };
		F029BF21208A089C00342498 /* EventsResponse.swift in Sources */ = {isa = PBXBuildFile; fileRef = F029BF20208A089C00342498 /* EventsResponse.swift */; };
		F029BF23208A08CE00342498 /* Event.swift in Sources */ = {isa = PBXBuildFile; fileRef = F029BF22208A08CE00342498 /* Event.swift */; };
		F029BF25208A08F800342498 /* Result.swift in Sources */ = {isa = PBXBuildFile; fileRef = F029BF24208A08F800342498 /* Result.swift */; };
		F029BF27208A096900342498 /* HTTPMethod.swift in Sources */ = {isa = PBXBuildFile; fileRef = F029BF26208A096900342498 /* HTTPMethod.swift */; };
		F029BF29208A099500342498 /* Routes.swift in Sources */ = {isa = PBXBuildFile; fileRef = F029BF28208A099500342498 /* Routes.swift */; };
		F029BF2B208A2BC300342498 /* RecommendationResponse.swift in Sources */ = {isa = PBXBuildFile; fileRef = F029BF2A208A2BC300342498 /* RecommendationResponse.swift */; };
		F029BF2D208A2C5200342498 /* StringResponse.swift in Sources */ = {isa = PBXBuildFile; fileRef = F029BF2C208A2C5200342498 /* StringResponse.swift */; };
		F029BF2F208A386E00342498 /* FetchRecommendationSpec.swift in Sources */ = {isa = PBXBuildFile; fileRef = F029BF2E208A386E00342498 /* FetchRecommendationSpec.swift */; };
		F029BF33208A41FC00342498 /* MockFetchRepository.swift in Sources */ = {isa = PBXBuildFile; fileRef = F029BF32208A41FC00342498 /* MockFetchRepository.swift */; };
		F029BF35208DBE1200342498 /* get-recommendation.json in Resources */ = {isa = PBXBuildFile; fileRef = F029BF34208DBE1100342498 /* get-recommendation.json */; };
		F03943A42080946E00FE7759 /* TrackEventSpec.swift in Sources */ = {isa = PBXBuildFile; fileRef = F03943A32080946E00FE7759 /* TrackEventSpec.swift */; };
		F03E4B8720848E970051ED80 /* TrackSessionSpec.swift in Sources */ = {isa = PBXBuildFile; fileRef = F03E4B8620848E970051ED80 /* TrackSessionSpec.swift */; };
		F063BEAA207E36E600030811 /* MockDatabase.swift in Sources */ = {isa = PBXBuildFile; fileRef = F063BEA9207E36E600030811 /* MockDatabase.swift */; };
		F06744072085E983003C0293 /* StubEntities.swift in Sources */ = {isa = PBXBuildFile; fileRef = F06744062085E983003C0293 /* StubEntities.swift */; };
		F067440D208642AC003C0293 /* TrackCustomerSpec.swift in Sources */ = {isa = PBXBuildFile; fileRef = F067440C208642AC003C0293 /* TrackCustomerSpec.swift */; };
		F0674410208731F9003C0293 /* PaymentManager.swift in Sources */ = {isa = PBXBuildFile; fileRef = F067440F208731F9003C0293 /* PaymentManager.swift */; };
		F0674412208732AF003C0293 /* PaymentManagerType.swift in Sources */ = {isa = PBXBuildFile; fileRef = F0674411208732AF003C0293 /* PaymentManagerType.swift */; };
		F067441420873813003C0293 /* PurchasedItem.swift in Sources */ = {isa = PBXBuildFile; fileRef = F067441320873813003C0293 /* PurchasedItem.swift */; };
		F067441720878FA1003C0293 /* FetchEventsSpec.swift in Sources */ = {isa = PBXBuildFile; fileRef = F067441620878FA1003C0293 /* FetchEventsSpec.swift */; };
		F06744192087939B003C0293 /* FetchMockData.swift in Sources */ = {isa = PBXBuildFile; fileRef = F06744182087939B003C0293 /* FetchMockData.swift */; };
		F0CA58F6207F612200C89A7F /* DeviceProperties.swift in Sources */ = {isa = PBXBuildFile; fileRef = F0CA58F5207F612200C89A7F /* DeviceProperties.swift */; };
		F0CA58F9207F787100C89A7F /* TrackerSpec.swift in Sources */ = {isa = PBXBuildFile; fileRef = F0CA58F8207F787100C89A7F /* TrackerSpec.swift */; };
		F0E5C9022080EA21002CECA5 /* TrackMockData.swift in Sources */ = {isa = PBXBuildFile; fileRef = F0E5C9012080EA21002CECA5 /* TrackMockData.swift */; };
		F0E757E0207CF99E00FE8C21 /* Constants.swift in Sources */ = {isa = PBXBuildFile; fileRef = F0E757DF207CF99E00FE8C21 /* Constants.swift */; };
		F0E757E5207CFA5300FE8C21 /* RequestFactory.swift in Sources */ = {isa = PBXBuildFile; fileRef = F0E757E4207CFA5300FE8C21 /* RequestFactory.swift */; };
		F0E757E9207CFA7A00FE8C21 /* ServerRepository.swift in Sources */ = {isa = PBXBuildFile; fileRef = F0E757E8207CFA7A00FE8C21 /* ServerRepository.swift */; };
		F0E757EB207CFA9700FE8C21 /* Repository.swift in Sources */ = {isa = PBXBuildFile; fileRef = F0E757EA207CFA9700FE8C21 /* Repository.swift */; };
		F0E757EE207D025300FE8C21 /* Exponea.swift in Sources */ = {isa = PBXBuildFile; fileRef = F0E757ED207D025300FE8C21 /* Exponea.swift */; };
		F0E757F0207D027300FE8C21 /* Configuration.swift in Sources */ = {isa = PBXBuildFile; fileRef = F0E757EF207D027300FE8C21 /* Configuration.swift */; };
		F0E757F3207D02F100FE8C21 /* ExponeaSpec.swift in Sources */ = {isa = PBXBuildFile; fileRef = F0E757F2207D02F100FE8C21 /* ExponeaSpec.swift */; };
		F0E757F5207D032500FE8C21 /* ExponeaConfig.plist in Resources */ = {isa = PBXBuildFile; fileRef = F0E757F4207D032500FE8C21 /* ExponeaConfig.plist */; };
/* End PBXBuildFile section */

/* Begin PBXContainerItemProxy section */
		C0753E9320A5793200A779FF /* PBXContainerItemProxy */ = {
			isa = PBXContainerItemProxy;
			containerPortal = F021E850206CF10200788ABC /* Project object */;
			proxyType = 1;
			remoteGlobalIDString = F021E858206CF10200788ABC;
			remoteInfo = ExponeaSDK;
		};
		F021E864206CF10200788ABC /* PBXContainerItemProxy */ = {
			isa = PBXContainerItemProxy;
			containerPortal = F021E850206CF10200788ABC /* Project object */;
			proxyType = 1;
			remoteGlobalIDString = F021E858206CF10200788ABC;
			remoteInfo = ExponeaSDK;
		};
/* End PBXContainerItemProxy section */

/* Begin PBXCopyFilesBuildPhase section */
		C0843CF320B6E7CA00FAF0CB /* Embed Frameworks */ = {
			isa = PBXCopyFilesBuildPhase;
			buildActionMask = 2147483647;
			dstPath = "";
			dstSubfolderSpec = 10;
			files = (
				C0843CF220B6E7C900FAF0CB /* ExponeaSDK.framework in Embed Frameworks */,
			);
			name = "Embed Frameworks";
			runOnlyForDeploymentPostprocessing = 0;
		};
/* End PBXCopyFilesBuildPhase section */

/* Begin PBXFileReference section */
		01764BC32087742100D0D673 /* ConfigurationSpec.swift */ = {isa = PBXFileReference; lastKnownFileType = sourcecode.swift; path = ConfigurationSpec.swift; sourceTree = "<group>"; };
		01764BC52087775800D0D673 /* config_valid.plist */ = {isa = PBXFileReference; lastKnownFileType = text.plist.xml; path = config_valid.plist; sourceTree = "<group>"; };
		01764BC72087793F00D0D673 /* config_valid2.plist */ = {isa = PBXFileReference; fileEncoding = 4; lastKnownFileType = text.plist.xml; path = config_valid2.plist; sourceTree = "<group>"; };
		0191639B207E11BF005FD174 /* Logger.swift */ = {isa = PBXFileReference; lastKnownFileType = sourcecode.swift; path = Logger.swift; sourceTree = "<group>"; };
		0191639E207E14D9005FD174 /* LogLevel.swift */ = {isa = PBXFileReference; lastKnownFileType = sourcecode.swift; path = LogLevel.swift; sourceTree = "<group>"; };
		019163A2207E15FB005FD174 /* LoggerSpec.swift */ = {isa = PBXFileReference; lastKnownFileType = sourcecode.swift; path = LoggerSpec.swift; sourceTree = "<group>"; };
		019163A4207E1904005FD174 /* LogLevelSpec.swift */ = {isa = PBXFileReference; lastKnownFileType = sourcecode.swift; path = LogLevelSpec.swift; sourceTree = "<group>"; };
		019F1AC42087666800368FB1 /* DataType.swift */ = {isa = PBXFileReference; fileEncoding = 4; lastKnownFileType = sourcecode.swift; path = DataType.swift; sourceTree = "<group>"; };
		01C2AD4B208F60ED0012F663 /* TrackingParameters.swift */ = {isa = PBXFileReference; lastKnownFileType = sourcecode.swift; path = TrackingParameters.swift; sourceTree = "<group>"; };
		01C2AD4D208F61000012F663 /* CustomerParameters.swift */ = {isa = PBXFileReference; lastKnownFileType = sourcecode.swift; path = CustomerParameters.swift; sourceTree = "<group>"; };
		01EC2DA4207E4F8F0031BFEB /* RecommendationRequest.swift */ = {isa = PBXFileReference; lastKnownFileType = sourcecode.swift; path = RecommendationRequest.swift; sourceTree = "<group>"; };
		01EC2DA6207E4FBA0031BFEB /* EventsRequest.swift */ = {isa = PBXFileReference; lastKnownFileType = sourcecode.swift; path = EventsRequest.swift; sourceTree = "<group>"; };
		01EC2DA8207E4FC10031BFEB /* CustomerExportRequest.swift */ = {isa = PBXFileReference; lastKnownFileType = sourcecode.swift; path = CustomerExportRequest.swift; sourceTree = "<group>"; };
		01EC2DAA207E53D90031BFEB /* AttributesListDescription.swift */ = {isa = PBXFileReference; lastKnownFileType = sourcecode.swift; path = AttributesListDescription.swift; sourceTree = "<group>"; };
		01EC2DAC207E53E40031BFEB /* AttributesDescription.swift */ = {isa = PBXFileReference; lastKnownFileType = sourcecode.swift; path = AttributesDescription.swift; sourceTree = "<group>"; };
		01EC2DB1207E55CB0031BFEB /* TrackingManager.swift */ = {isa = PBXFileReference; lastKnownFileType = sourcecode.swift; path = TrackingManager.swift; sourceTree = "<group>"; };
		01EC2DB3207E58080031BFEB /* EventType.swift */ = {isa = PBXFileReference; lastKnownFileType = sourcecode.swift; path = EventType.swift; sourceTree = "<group>"; };
		01EC2DB5207E5F600031BFEB /* TrackingManagerType.swift */ = {isa = PBXFileReference; lastKnownFileType = sourcecode.swift; path = TrackingManagerType.swift; sourceTree = "<group>"; };
		01EC2DB9207E68BF0031BFEB /* DatabaseManager.swift */ = {isa = PBXFileReference; fileEncoding = 4; lastKnownFileType = sourcecode.swift; path = DatabaseManager.swift; sourceTree = "<group>"; };
		01EC2DBA207E68BF0031BFEB /* DatabaseManagerType.swift */ = {isa = PBXFileReference; fileEncoding = 4; lastKnownFileType = sourcecode.swift; path = DatabaseManagerType.swift; sourceTree = "<group>"; };
		01EC2DBC207E68BF0031BFEB /* DatabaseModel.xcdatamodel */ = {isa = PBXFileReference; lastKnownFileType = wrapper.xcdatamodel; path = DatabaseModel.xcdatamodel; sourceTree = "<group>"; };
		01EC2DC0207F63970031BFEB /* FlushingMode.swift */ = {isa = PBXFileReference; lastKnownFileType = sourcecode.swift; path = FlushingMode.swift; sourceTree = "<group>"; };
		0288F5494383F31AB19EF5E0 /* Pods_ExponeaSDK_Example.framework */ = {isa = PBXFileReference; explicitFileType = wrapper.framework; includeInIndex = 0; path = Pods_ExponeaSDK_Example.framework; sourceTree = BUILT_PRODUCTS_DIR; };
		080033AD83490110B7A029BD /* Pods_ExponeaSDKTests.framework */ = {isa = PBXFileReference; explicitFileType = wrapper.framework; includeInIndex = 0; path = Pods_ExponeaSDKTests.framework; sourceTree = BUILT_PRODUCTS_DIR; };
		7F633CE783D735A862037D41 /* Pods-ExponeaSDKTests.debug.xcconfig */ = {isa = PBXFileReference; includeInIndex = 1; lastKnownFileType = text.xcconfig; name = "Pods-ExponeaSDKTests.debug.xcconfig"; path = "../Pods/Target Support Files/Pods-ExponeaSDKTests/Pods-ExponeaSDKTests.debug.xcconfig"; sourceTree = "<group>"; };
		B4FE42FEB4796BF54B37662B /* Pods-ExponeaSDKTests.release.xcconfig */ = {isa = PBXFileReference; includeInIndex = 1; lastKnownFileType = text.xcconfig; name = "Pods-ExponeaSDKTests.release.xcconfig"; path = "../Pods/Target Support Files/Pods-ExponeaSDKTests/Pods-ExponeaSDKTests.release.xcconfig"; sourceTree = "<group>"; };
		C01E19E920C02A4D00DF64F9 /* ErrorResponse.swift */ = {isa = PBXFileReference; lastKnownFileType = sourcecode.swift; path = ErrorResponse.swift; sourceTree = "<group>"; };
		C02252C820B5F5FC00FDB7E3 /* JSONConvertible.swift */ = {isa = PBXFileReference; lastKnownFileType = sourcecode.swift; path = JSONConvertible.swift; sourceTree = "<group>"; };
		C0753E8F20A43D3900A779FF /* RepositoryError.swift */ = {isa = PBXFileReference; lastKnownFileType = sourcecode.swift; path = RepositoryError.swift; sourceTree = "<group>"; };
		C0753E9120A574AE00A779FF /* TrackEvent+DataType.swift */ = {isa = PBXFileReference; lastKnownFileType = sourcecode.swift; path = "TrackEvent+DataType.swift"; sourceTree = "<group>"; };
		C0753E9620A5808C00A779FF /* NSPersistentContainer+Bundle.swift */ = {isa = PBXFileReference; lastKnownFileType = sourcecode.swift; path = "NSPersistentContainer+Bundle.swift"; sourceTree = "<group>"; };
		C07E41FC20C930C400920809 /* TrackEventViewController.swift */ = {isa = PBXFileReference; lastKnownFileType = sourcecode.swift; path = TrackEventViewController.swift; sourceTree = "<group>"; };
		C07E41FE20C930E400920809 /* IdentifyCustomerViewController.swift */ = {isa = PBXFileReference; lastKnownFileType = sourcecode.swift; path = IdentifyCustomerViewController.swift; sourceTree = "<group>"; };
		C07E420020CA896B00920809 /* PersonalizationResponse.swift */ = {isa = PBXFileReference; lastKnownFileType = sourcecode.swift; path = PersonalizationResponse.swift; sourceTree = "<group>"; };
		C07E420420CA898700920809 /* BannerResponse.swift */ = {isa = PBXFileReference; lastKnownFileType = sourcecode.swift; path = BannerResponse.swift; sourceTree = "<group>"; };
		C07E420820CA89DE00920809 /* PersonalizationRequest.swift */ = {isa = PBXFileReference; lastKnownFileType = sourcecode.swift; path = PersonalizationRequest.swift; sourceTree = "<group>"; };
		C07E420A20CA8A3300920809 /* Banner.swift */ = {isa = PBXFileReference; lastKnownFileType = sourcecode.swift; path = Banner.swift; sourceTree = "<group>"; };
		C07E420C20CA8A3C00920809 /* Personalization.swift */ = {isa = PBXFileReference; lastKnownFileType = sourcecode.swift; path = Personalization.swift; sourceTree = "<group>"; };
		C07E420E20CA8AF700920809 /* DateFilter.swift */ = {isa = PBXFileReference; lastKnownFileType = sourcecode.swift; path = DateFilter.swift; sourceTree = "<group>"; };
		C07E421120CA8B9900920809 /* DeviceTarget.swift */ = {isa = PBXFileReference; lastKnownFileType = sourcecode.swift; path = DeviceTarget.swift; sourceTree = "<group>"; };
		C07E421320CA8C1B00920809 /* BannerFrequency.swift */ = {isa = PBXFileReference; lastKnownFileType = sourcecode.swift; path = BannerFrequency.swift; sourceTree = "<group>"; };
		C07E421520CA8D1800920809 /* BannerTrigger.swift */ = {isa = PBXFileReference; lastKnownFileType = sourcecode.swift; path = BannerTrigger.swift; sourceTree = "<group>"; };
		C07F1BC6209A474A004FE933 /* EntityValueResponse.swift */ = {isa = PBXFileReference; lastKnownFileType = sourcecode.swift; path = EntityValueResponse.swift; sourceTree = "<group>"; };
		C0843CF020B6DC6000FAF0CB /* Example.entitlements */ = {isa = PBXFileReference; lastKnownFileType = text.plist.entitlements; path = Example.entitlements; sourceTree = "<group>"; };
		C0D9B07820A38A8C0066FB1E /* PaymentManagerDelegate.swift */ = {isa = PBXFileReference; lastKnownFileType = sourcecode.swift; path = PaymentManagerDelegate.swift; sourceTree = "<group>"; };
		C0D9B07A20A3B2410066FB1E /* TrackingManagerError.swift */ = {isa = PBXFileReference; lastKnownFileType = sourcecode.swift; path = TrackingManagerError.swift; sourceTree = "<group>"; };
		C0D9B07C20A3B24A0066FB1E /* ExponeaError.swift */ = {isa = PBXFileReference; lastKnownFileType = sourcecode.swift; path = ExponeaError.swift; sourceTree = "<group>"; };
		C0D9B07E20A3B8070066FB1E /* DatabaseManagerError.swift */ = {isa = PBXFileReference; lastKnownFileType = sourcecode.swift; path = DatabaseManagerError.swift; sourceTree = "<group>"; };
		C0D9B08020A3C0D50066FB1E /* Authorization.swift */ = {isa = PBXFileReference; lastKnownFileType = sourcecode.swift; path = Authorization.swift; sourceTree = "<group>"; };
		C0E6775E20A6E3F800789861 /* Customer+DataType.swift */ = {isa = PBXFileReference; lastKnownFileType = sourcecode.swift; path = "Customer+DataType.swift"; sourceTree = "<group>"; };
		C0EB5D8920B6EABC00F1031F /* TrackCustomer+DataType.swift */ = {isa = PBXFileReference; lastKnownFileType = sourcecode.swift; path = "TrackCustomer+DataType.swift"; sourceTree = "<group>"; };
		C0EB5D8B20B70D5000F1031F /* Swizzler.swift */ = {isa = PBXFileReference; lastKnownFileType = sourcecode.swift; path = Swizzler.swift; sourceTree = "<group>"; };
		C0EB5D8D20B710A900F1031F /* Data+TokenString.swift */ = {isa = PBXFileReference; lastKnownFileType = sourcecode.swift; path = "Data+TokenString.swift"; sourceTree = "<group>"; };
		C0EB5D8F20B7F8A900F1031F /* DispatchQueue+OnceTracker.swift */ = {isa = PBXFileReference; lastKnownFileType = sourcecode.swift; path = "DispatchQueue+OnceTracker.swift"; sourceTree = "<group>"; };
		C0EB5D9220B811F900F1031F /* PushNotificationManager.swift */ = {isa = PBXFileReference; lastKnownFileType = sourcecode.swift; path = PushNotificationManager.swift; sourceTree = "<group>"; };
		C0EB5D9420B8123200F1031F /* PushNotificationSelectors.swift */ = {isa = PBXFileReference; lastKnownFileType = sourcecode.swift; path = PushNotificationSelectors.swift; sourceTree = "<group>"; };
		C0EB5D9620B8190500F1031F /* FetchViewController.swift */ = {isa = PBXFileReference; lastKnownFileType = sourcecode.swift; path = FetchViewController.swift; sourceTree = "<group>"; };
		C0EB5D9A20B8193200F1031F /* FlushingViewController.swift */ = {isa = PBXFileReference; lastKnownFileType = sourcecode.swift; path = FlushingViewController.swift; sourceTree = "<group>"; };
		C0EB5D9C20B8193A00F1031F /* TrackingViewController.swift */ = {isa = PBXFileReference; lastKnownFileType = sourcecode.swift; path = TrackingViewController.swift; sourceTree = "<group>"; };
		C0EB5D9E20BB530000F1031F /* ExponeaType.swift */ = {isa = PBXFileReference; lastKnownFileType = sourcecode.swift; path = ExponeaType.swift; sourceTree = "<group>"; };
		C0EB5DA520BB59BD00F1031F /* RequestParametersType.swift */ = {isa = PBXFileReference; lastKnownFileType = sourcecode.swift; path = RequestParametersType.swift; sourceTree = "<group>"; };
		C0F2406920BC38EC00CAF7CE /* Swizzle.swift */ = {isa = PBXFileReference; lastKnownFileType = sourcecode.swift; path = Swizzle.swift; sourceTree = "<group>"; };
		C0F2406B20BC50A000CAF7CE /* Exponea+Fetching.swift */ = {isa = PBXFileReference; lastKnownFileType = sourcecode.swift; path = "Exponea+Fetching.swift"; sourceTree = "<group>"; };
		C0F2406D20BC511500CAF7CE /* Exponea+Tracking.swift */ = {isa = PBXFileReference; lastKnownFileType = sourcecode.swift; path = "Exponea+Tracking.swift"; sourceTree = "<group>"; };
		C0F2406F20BD98EB00CAF7CE /* MemoryLogger.swift */ = {isa = PBXFileReference; lastKnownFileType = sourcecode.swift; path = MemoryLogger.swift; sourceTree = "<group>"; };
		C0F2407120BD9A5500CAF7CE /* LogViewController.swift */ = {isa = PBXFileReference; lastKnownFileType = sourcecode.swift; path = LogViewController.swift; sourceTree = "<group>"; };
		C0F2407320BDA42600CAF7CE /* ExportFormat.swift */ = {isa = PBXFileReference; lastKnownFileType = sourcecode.swift; path = ExportFormat.swift; sourceTree = "<group>"; };
		C0F6C4E02098A1AB00834E21 /* Example.app */ = {isa = PBXFileReference; explicitFileType = wrapper.application; includeInIndex = 0; path = Example.app; sourceTree = BUILT_PRODUCTS_DIR; };
		C0F6C4E22098A1AB00834E21 /* AppDelegate.swift */ = {isa = PBXFileReference; lastKnownFileType = sourcecode.swift; path = AppDelegate.swift; sourceTree = "<group>"; };
		C0F6C4E42098A1AB00834E21 /* AuthenticationViewController.swift */ = {isa = PBXFileReference; lastKnownFileType = sourcecode.swift; path = AuthenticationViewController.swift; sourceTree = "<group>"; };
		C0F6C4E72098A1AB00834E21 /* Base */ = {isa = PBXFileReference; lastKnownFileType = file.storyboard; name = Base; path = Base.lproj/Main.storyboard; sourceTree = "<group>"; };
		C0F6C4E92098A1AC00834E21 /* Assets.xcassets */ = {isa = PBXFileReference; lastKnownFileType = folder.assetcatalog; path = Assets.xcassets; sourceTree = "<group>"; };
		C0F6C4EC2098A1AC00834E21 /* Base */ = {isa = PBXFileReference; lastKnownFileType = file.storyboard; name = Base; path = Base.lproj/LaunchScreen.storyboard; sourceTree = "<group>"; };
		C0F6C4EE2098A1AC00834E21 /* Info.plist */ = {isa = PBXFileReference; lastKnownFileType = text.plist.xml; path = Info.plist; sourceTree = "<group>"; };
		E60F84DD39D938AAB043ED11 /* Pods_ExponeaSDK.framework */ = {isa = PBXFileReference; explicitFileType = wrapper.framework; includeInIndex = 0; path = Pods_ExponeaSDK.framework; sourceTree = BUILT_PRODUCTS_DIR; };
		F01ADE612084D58600E20662 /* DevicePropertiesSpec.swift */ = {isa = PBXFileReference; lastKnownFileType = sourcecode.swift; path = DevicePropertiesSpec.swift; sourceTree = "<group>"; };
		F021E859206CF10200788ABC /* ExponeaSDK.framework */ = {isa = PBXFileReference; explicitFileType = wrapper.framework; includeInIndex = 0; path = ExponeaSDK.framework; sourceTree = BUILT_PRODUCTS_DIR; };
		F021E85C206CF10200788ABC /* ExponeaSDK.h */ = {isa = PBXFileReference; lastKnownFileType = sourcecode.c.h; path = ExponeaSDK.h; sourceTree = "<group>"; };
		F021E85D206CF10200788ABC /* Info.plist */ = {isa = PBXFileReference; lastKnownFileType = text.plist.xml; path = Info.plist; sourceTree = "<group>"; };
		F021E862206CF10200788ABC /* ExponeaSDKTests.xctest */ = {isa = PBXFileReference; explicitFileType = wrapper.cfbundle; includeInIndex = 0; path = ExponeaSDKTests.xctest; sourceTree = BUILT_PRODUCTS_DIR; };
		F021E869206CF10200788ABC /* Info.plist */ = {isa = PBXFileReference; lastKnownFileType = text.plist.xml; path = Info.plist; sourceTree = "<group>"; };
		F029BF20208A089C00342498 /* EventsResponse.swift */ = {isa = PBXFileReference; lastKnownFileType = sourcecode.swift; path = EventsResponse.swift; sourceTree = "<group>"; };
		F029BF22208A08CE00342498 /* Event.swift */ = {isa = PBXFileReference; lastKnownFileType = sourcecode.swift; path = Event.swift; sourceTree = "<group>"; };
		F029BF24208A08F800342498 /* Result.swift */ = {isa = PBXFileReference; lastKnownFileType = sourcecode.swift; path = Result.swift; sourceTree = "<group>"; };
		F029BF26208A096900342498 /* HTTPMethod.swift */ = {isa = PBXFileReference; lastKnownFileType = sourcecode.swift; path = HTTPMethod.swift; sourceTree = "<group>"; };
		F029BF28208A099500342498 /* Routes.swift */ = {isa = PBXFileReference; lastKnownFileType = sourcecode.swift; path = Routes.swift; sourceTree = "<group>"; };
		F029BF2A208A2BC300342498 /* RecommendationResponse.swift */ = {isa = PBXFileReference; lastKnownFileType = sourcecode.swift; path = RecommendationResponse.swift; sourceTree = "<group>"; };
		F029BF2C208A2C5200342498 /* StringResponse.swift */ = {isa = PBXFileReference; lastKnownFileType = sourcecode.swift; path = StringResponse.swift; sourceTree = "<group>"; };
		F029BF2E208A386E00342498 /* FetchRecommendationSpec.swift */ = {isa = PBXFileReference; lastKnownFileType = sourcecode.swift; path = FetchRecommendationSpec.swift; sourceTree = "<group>"; };
		F029BF32208A41FC00342498 /* MockFetchRepository.swift */ = {isa = PBXFileReference; lastKnownFileType = sourcecode.swift; path = MockFetchRepository.swift; sourceTree = "<group>"; };
		F029BF34208DBE1100342498 /* get-recommendation.json */ = {isa = PBXFileReference; fileEncoding = 4; lastKnownFileType = text.json; path = "get-recommendation.json"; sourceTree = "<group>"; };
		F03943A32080946E00FE7759 /* TrackEventSpec.swift */ = {isa = PBXFileReference; lastKnownFileType = sourcecode.swift; path = TrackEventSpec.swift; sourceTree = "<group>"; };
		F03E4B8620848E970051ED80 /* TrackSessionSpec.swift */ = {isa = PBXFileReference; lastKnownFileType = sourcecode.swift; path = TrackSessionSpec.swift; sourceTree = "<group>"; };
		F063BEA9207E36E600030811 /* MockDatabase.swift */ = {isa = PBXFileReference; lastKnownFileType = sourcecode.swift; path = MockDatabase.swift; sourceTree = "<group>"; };
		F06744062085E983003C0293 /* StubEntities.swift */ = {isa = PBXFileReference; lastKnownFileType = sourcecode.swift; path = StubEntities.swift; sourceTree = "<group>"; };
		F067440C208642AC003C0293 /* TrackCustomerSpec.swift */ = {isa = PBXFileReference; lastKnownFileType = sourcecode.swift; path = TrackCustomerSpec.swift; sourceTree = "<group>"; };
		F067440F208731F9003C0293 /* PaymentManager.swift */ = {isa = PBXFileReference; lastKnownFileType = sourcecode.swift; path = PaymentManager.swift; sourceTree = "<group>"; };
		F0674411208732AF003C0293 /* PaymentManagerType.swift */ = {isa = PBXFileReference; lastKnownFileType = sourcecode.swift; path = PaymentManagerType.swift; sourceTree = "<group>"; };
		F067441320873813003C0293 /* PurchasedItem.swift */ = {isa = PBXFileReference; lastKnownFileType = sourcecode.swift; path = PurchasedItem.swift; sourceTree = "<group>"; };
		F067441620878FA1003C0293 /* FetchEventsSpec.swift */ = {isa = PBXFileReference; lastKnownFileType = sourcecode.swift; path = FetchEventsSpec.swift; sourceTree = "<group>"; };
		F06744182087939B003C0293 /* FetchMockData.swift */ = {isa = PBXFileReference; lastKnownFileType = sourcecode.swift; path = FetchMockData.swift; sourceTree = "<group>"; };
		F0CA58F5207F612200C89A7F /* DeviceProperties.swift */ = {isa = PBXFileReference; lastKnownFileType = sourcecode.swift; path = DeviceProperties.swift; sourceTree = "<group>"; };
		F0CA58F8207F787100C89A7F /* TrackerSpec.swift */ = {isa = PBXFileReference; lastKnownFileType = sourcecode.swift; path = TrackerSpec.swift; sourceTree = "<group>"; };
		F0E5C9012080EA21002CECA5 /* TrackMockData.swift */ = {isa = PBXFileReference; lastKnownFileType = sourcecode.swift; path = TrackMockData.swift; sourceTree = "<group>"; };
		F0E757DF207CF99E00FE8C21 /* Constants.swift */ = {isa = PBXFileReference; lastKnownFileType = sourcecode.swift; path = Constants.swift; sourceTree = "<group>"; };
		F0E757E4207CFA5300FE8C21 /* RequestFactory.swift */ = {isa = PBXFileReference; lastKnownFileType = sourcecode.swift; path = RequestFactory.swift; sourceTree = "<group>"; };
		F0E757E8207CFA7A00FE8C21 /* ServerRepository.swift */ = {isa = PBXFileReference; lastKnownFileType = sourcecode.swift; path = ServerRepository.swift; sourceTree = "<group>"; };
		F0E757EA207CFA9700FE8C21 /* Repository.swift */ = {isa = PBXFileReference; lastKnownFileType = sourcecode.swift; path = Repository.swift; sourceTree = "<group>"; };
		F0E757ED207D025300FE8C21 /* Exponea.swift */ = {isa = PBXFileReference; lastKnownFileType = sourcecode.swift; path = Exponea.swift; sourceTree = "<group>"; };
		F0E757EF207D027300FE8C21 /* Configuration.swift */ = {isa = PBXFileReference; lastKnownFileType = sourcecode.swift; path = Configuration.swift; sourceTree = "<group>"; };
		F0E757F2207D02F100FE8C21 /* ExponeaSpec.swift */ = {isa = PBXFileReference; lastKnownFileType = sourcecode.swift; path = ExponeaSpec.swift; sourceTree = "<group>"; };
		F0E757F4207D032500FE8C21 /* ExponeaConfig.plist */ = {isa = PBXFileReference; lastKnownFileType = text.plist.xml; path = ExponeaConfig.plist; sourceTree = "<group>"; };
/* End PBXFileReference section */

/* Begin PBXFrameworksBuildPhase section */
		C0F6C4DD2098A1AB00834E21 /* Frameworks */ = {
			isa = PBXFrameworksBuildPhase;
			buildActionMask = 2147483647;
			files = (
				C0843CF120B6E7C900FAF0CB /* ExponeaSDK.framework in Frameworks */,
			);
			runOnlyForDeploymentPostprocessing = 0;
		};
		F021E855206CF10200788ABC /* Frameworks */ = {
			isa = PBXFrameworksBuildPhase;
			buildActionMask = 2147483647;
			files = (
			);
			runOnlyForDeploymentPostprocessing = 0;
		};
		F021E85F206CF10200788ABC /* Frameworks */ = {
			isa = PBXFrameworksBuildPhase;
			buildActionMask = 2147483647;
			files = (
				F021E863206CF10200788ABC /* ExponeaSDK.framework in Frameworks */,
				D20134EC7D150032774DF78D /* Pods_ExponeaSDKTests.framework in Frameworks */,
			);
			runOnlyForDeploymentPostprocessing = 0;
		};
/* End PBXFrameworksBuildPhase section */

/* Begin PBXGroup section */
		0191639D207E14C9005FD174 /* Logging */ = {
			isa = PBXGroup;
			children = (
				0191639B207E11BF005FD174 /* Logger.swift */,
				0191639E207E14D9005FD174 /* LogLevel.swift */,
			);
			path = Logging;
			sourceTree = "<group>";
		};
		01EC2D9F207E3CDB0031BFEB /* Logging */ = {
			isa = PBXGroup;
			children = (
				019163A2207E15FB005FD174 /* LoggerSpec.swift */,
				019163A4207E1904005FD174 /* LogLevelSpec.swift */,
			);
			path = Logging;
			sourceTree = "<group>";
		};
		01EC2DA0207E3CF30031BFEB /* Supporting Files */ = {
			isa = PBXGroup;
			children = (
				F021E869206CF10200788ABC /* Info.plist */,
			);
			path = "Supporting Files";
			sourceTree = "<group>";
		};
		01EC2DA1207E3D000031BFEB /* Resources */ = {
			isa = PBXGroup;
			children = (
				F0E757F4207D032500FE8C21 /* ExponeaConfig.plist */,
				01764BC52087775800D0D673 /* config_valid.plist */,
				01764BC72087793F00D0D673 /* config_valid2.plist */,
			);
			path = Resources;
			sourceTree = "<group>";
		};
		01EC2DA2207E3D060031BFEB /* Specs */ = {
			isa = PBXGroup;
			children = (
				F0E757F2207D02F100FE8C21 /* ExponeaSpec.swift */,
				F063BEA9207E36E600030811 /* MockDatabase.swift */,
				F06744062085E983003C0293 /* StubEntities.swift */,
				F0CA58F7207F783E00C89A7F /* Tracking */,
				01EC2D9F207E3CDB0031BFEB /* Logging */,
				F01ADE602084D56300E20662 /* Models */,
				F067441520878F8C003C0293 /* Fetching */,
			);
			path = Specs;
			sourceTree = "<group>";
		};
		01EC2DB0207E55C10031BFEB /* Tracking */ = {
			isa = PBXGroup;
			children = (
				01EC2DB5207E5F600031BFEB /* TrackingManagerType.swift */,
				C0D9B07A20A3B2410066FB1E /* TrackingManagerError.swift */,
				01EC2DB1207E55CB0031BFEB /* TrackingManager.swift */,
			);
			path = Tracking;
			sourceTree = "<group>";
		};
		01EC2DB8207E68BF0031BFEB /* Database */ = {
			isa = PBXGroup;
			children = (
				01EC2DB9207E68BF0031BFEB /* DatabaseManager.swift */,
				01EC2DBA207E68BF0031BFEB /* DatabaseManagerType.swift */,
				C0D9B07E20A3B8070066FB1E /* DatabaseManagerError.swift */,
				01EC2DBB207E68BF0031BFEB /* DatabaseModel.xcdatamodeld */,
			);
			path = Database;
			sourceTree = "<group>";
		};
		A3613BD1E2C1D4616B6A9767 /* Frameworks */ = {
			isa = PBXGroup;
			children = (
				E60F84DD39D938AAB043ED11 /* Pods_ExponeaSDK.framework */,
				080033AD83490110B7A029BD /* Pods_ExponeaSDKTests.framework */,
				0288F5494383F31AB19EF5E0 /* Pods_ExponeaSDK_Example.framework */,
			);
			name = Frameworks;
			sourceTree = "<group>";
		};
		BA562F8AA107D3AB3132C40D /* Pods */ = {
			isa = PBXGroup;
			children = (
				7F633CE783D735A862037D41 /* Pods-ExponeaSDKTests.debug.xcconfig */,
				B4FE42FEB4796BF54B37662B /* Pods-ExponeaSDKTests.release.xcconfig */,
			);
			name = Pods;
			sourceTree = "<group>";
		};
		C07E421020CA8B0900920809 /* Personalization */ = {
			isa = PBXGroup;
			children = (
				C07E420C20CA8A3C00920809 /* Personalization.swift */,
				C07E420A20CA8A3300920809 /* Banner.swift */,
				C07E420E20CA8AF700920809 /* DateFilter.swift */,
				C07E421120CA8B9900920809 /* DeviceTarget.swift */,
				C07E421320CA8C1B00920809 /* BannerFrequency.swift */,
				C07E421520CA8D1800920809 /* BannerTrigger.swift */,
			);
			path = Personalization;
			sourceTree = "<group>";
		};
		C0EA5FCD20CE95EE00660802 /* Resources */ = {
			isa = PBXGroup;
			children = (
				C0F6C4E92098A1AC00834E21 /* Assets.xcassets */,
				C0F6C4E62098A1AB00834E21 /* Main.storyboard */,
				C0F6C4EB2098A1AC00834E21 /* LaunchScreen.storyboard */,
				C0F6C4EE2098A1AC00834E21 /* Info.plist */,
			);
			path = Resources;
			sourceTree = "<group>";
		};
		C0EA5FCE20CE960700660802 /* Views */ = {
			isa = PBXGroup;
			children = (
				C0F6C4E42098A1AB00834E21 /* AuthenticationViewController.swift */,
				C0EA5FD120CE962500660802 /* Fetching */,
				C0EA5FD020CE961F00660802 /* Tracking */,
				C0EA5FD220CE962B00660802 /* Flushing */,
				C0EA5FD320CE963100660802 /* Logging */,
			);
			path = Views;
			sourceTree = "<group>";
		};
		C0EA5FCF20CE961000660802 /* Other */ = {
			isa = PBXGroup;
			children = (
				C0F2406F20BD98EB00CAF7CE /* MemoryLogger.swift */,
			);
			path = Other;
			sourceTree = "<group>";
		};
		C0EA5FD020CE961F00660802 /* Tracking */ = {
			isa = PBXGroup;
			children = (
				C0EB5D9C20B8193A00F1031F /* TrackingViewController.swift */,
				C07E41FC20C930C400920809 /* TrackEventViewController.swift */,
				C07E41FE20C930E400920809 /* IdentifyCustomerViewController.swift */,
			);
			path = Tracking;
			sourceTree = "<group>";
		};
		C0EA5FD120CE962500660802 /* Fetching */ = {
			isa = PBXGroup;
			children = (
				C0EB5D9620B8190500F1031F /* FetchViewController.swift */,
			);
			path = Fetching;
			sourceTree = "<group>";
		};
		C0EA5FD220CE962B00660802 /* Flushing */ = {
			isa = PBXGroup;
			children = (
				C0EB5D9A20B8193200F1031F /* FlushingViewController.swift */,
			);
			path = Flushing;
			sourceTree = "<group>";
		};
		C0EA5FD320CE963100660802 /* Logging */ = {
			isa = PBXGroup;
			children = (
				C0F2407120BD9A5500CAF7CE /* LogViewController.swift */,
			);
			path = Logging;
			sourceTree = "<group>";
		};
		C0EB5D9120B811DE00F1031F /* Push Notifications */ = {
			isa = PBXGroup;
			children = (
				C0EB5D9220B811F900F1031F /* PushNotificationManager.swift */,
				C0EB5D9420B8123200F1031F /* PushNotificationSelectors.swift */,
			);
			name = "Push Notifications";
			path = "Models/Push Notifications";
			sourceTree = "<group>";
		};
		C0EB5DA020BB57ED00F1031F /* Requests */ = {
			isa = PBXGroup;
			children = (
				01EC2DA6207E4FBA0031BFEB /* EventsRequest.swift */,
				01EC2DA4207E4F8F0031BFEB /* RecommendationRequest.swift */,
				01EC2DAA207E53D90031BFEB /* AttributesListDescription.swift */,
				01EC2DAC207E53E40031BFEB /* AttributesDescription.swift */,
				01EC2DA8207E4FC10031BFEB /* CustomerExportRequest.swift */,
				C07E420820CA89DE00920809 /* PersonalizationRequest.swift */,
			);
			path = Requests;
			sourceTree = "<group>";
		};
		C0EB5DA120BB57FB00F1031F /* Responses */ = {
			isa = PBXGroup;
			children = (
				F029BF20208A089C00342498 /* EventsResponse.swift */,
				F029BF2A208A2BC300342498 /* RecommendationResponse.swift */,
				F029BF2C208A2C5200342498 /* StringResponse.swift */,
				C07F1BC6209A474A004FE933 /* EntityValueResponse.swift */,
				C01E19E920C02A4D00DF64F9 /* ErrorResponse.swift */,
				C07E420020CA896B00920809 /* PersonalizationResponse.swift */,
				C07E420420CA898700920809 /* BannerResponse.swift */,
			);
			path = Responses;
			sourceTree = "<group>";
		};
		C0EB5DA220BB594300F1031F /* Networking */ = {
			isa = PBXGroup;
			children = (
				F029BF28208A099500342498 /* Routes.swift */,
				F029BF26208A096900342498 /* HTTPMethod.swift */,
				F029BF24208A08F800342498 /* Result.swift */,
				C0D9B08020A3C0D50066FB1E /* Authorization.swift */,
			);
			path = Networking;
			sourceTree = "<group>";
		};
		C0EB5DA320BB595800F1031F /* Extensions */ = {
			isa = PBXGroup;
			children = (
				C0753E9120A574AE00A779FF /* TrackEvent+DataType.swift */,
				C0EB5D8920B6EABC00F1031F /* TrackCustomer+DataType.swift */,
				C0E6775E20A6E3F800789861 /* Customer+DataType.swift */,
			);
			path = Extensions;
			sourceTree = "<group>";
		};
		C0EB5DA420BB59A500F1031F /* Parameters */ = {
			isa = PBXGroup;
			children = (
				01C2AD4B208F60ED0012F663 /* TrackingParameters.swift */,
				01C2AD4D208F61000012F663 /* CustomerParameters.swift */,
				C0EB5DA520BB59BD00F1031F /* RequestParametersType.swift */,
			);
			path = Parameters;
			sourceTree = "<group>";
		};
		C0F6C4E12098A1AB00834E21 /* Example */ = {
			isa = PBXGroup;
			children = (
				C0843CF020B6DC6000FAF0CB /* Example.entitlements */,
				C0F6C4E22098A1AB00834E21 /* AppDelegate.swift */,
				C0EA5FCE20CE960700660802 /* Views */,
				C0EA5FCF20CE961000660802 /* Other */,
				C0EA5FCD20CE95EE00660802 /* Resources */,
			);
			path = Example;
			sourceTree = "<group>";
		};
		F01ADE602084D56300E20662 /* Models */ = {
			isa = PBXGroup;
			children = (
				F01ADE612084D58600E20662 /* DevicePropertiesSpec.swift */,
				01764BC32087742100D0D673 /* ConfigurationSpec.swift */,
			);
			path = Models;
			sourceTree = "<group>";
		};
		F021E84F206CF10200788ABC = {
			isa = PBXGroup;
			children = (
				F021E85B206CF10200788ABC /* ExponeaSDK */,
				F021E866206CF10200788ABC /* ExponeaSDKTests */,
				C0F6C4E12098A1AB00834E21 /* Example */,
				F021E85A206CF10200788ABC /* Products */,
				BA562F8AA107D3AB3132C40D /* Pods */,
				A3613BD1E2C1D4616B6A9767 /* Frameworks */,
			);
			sourceTree = "<group>";
		};
		F021E85A206CF10200788ABC /* Products */ = {
			isa = PBXGroup;
			children = (
				F021E859206CF10200788ABC /* ExponeaSDK.framework */,
				F021E862206CF10200788ABC /* ExponeaSDKTests.xctest */,
				C0F6C4E02098A1AB00834E21 /* Example.app */,
			);
			name = Products;
			sourceTree = "<group>";
		};
		F021E85B206CF10200788ABC /* ExponeaSDK */ = {
			isa = PBXGroup;
			children = (
				F0E757EC207D023A00FE8C21 /* Classes */,
				F021E873206CFADF00788ABC /* Supporting Files */,
			);
			path = ExponeaSDK;
			sourceTree = "<group>";
		};
		F021E866206CF10200788ABC /* ExponeaSDKTests */ = {
			isa = PBXGroup;
			children = (
				01EC2DA2207E3D060031BFEB /* Specs */,
				01EC2DA0207E3CF30031BFEB /* Supporting Files */,
				01EC2DA1207E3D000031BFEB /* Resources */,
			);
			path = ExponeaSDKTests;
			sourceTree = "<group>";
		};
		F021E873206CFADF00788ABC /* Supporting Files */ = {
			isa = PBXGroup;
			children = (
				F021E85C206CF10200788ABC /* ExponeaSDK.h */,
				F021E85D206CF10200788ABC /* Info.plist */,
			);
			path = "Supporting Files";
			sourceTree = "<group>";
		};
		F029BF30208A41B900342498 /* MockData */ = {
			isa = PBXGroup;
			children = (
				F06744182087939B003C0293 /* FetchMockData.swift */,
				F029BF32208A41FC00342498 /* MockFetchRepository.swift */,
				F029BF34208DBE1100342498 /* get-recommendation.json */,
			);
			path = MockData;
			sourceTree = "<group>";
		};
		F067440E208731CF003C0293 /* Payment */ = {
			isa = PBXGroup;
			children = (
				F067440F208731F9003C0293 /* PaymentManager.swift */,
				F0674411208732AF003C0293 /* PaymentManagerType.swift */,
				C0D9B07820A38A8C0066FB1E /* PaymentManagerDelegate.swift */,
			);
			path = Payment;
			sourceTree = "<group>";
		};
		F067441520878F8C003C0293 /* Fetching */ = {
			isa = PBXGroup;
			children = (
				F029BF30208A41B900342498 /* MockData */,
				F067441620878FA1003C0293 /* FetchEventsSpec.swift */,
				F029BF2E208A386E00342498 /* FetchRecommendationSpec.swift */,
			);
			path = Fetching;
			sourceTree = "<group>";
		};
		F0C1C1CE207384ED005EB697 /* Models */ = {
			isa = PBXGroup;
			children = (
				C0EB5DA220BB594300F1031F /* Networking */,
				C0EB5DA420BB59A500F1031F /* Parameters */,
				C0EB5DA120BB57FB00F1031F /* Responses */,
				C0EB5DA020BB57ED00F1031F /* Requests */,
				C0EB5DA320BB595800F1031F /* Extensions */,
				01EC2DB3207E58080031BFEB /* EventType.swift */,
				019F1AC42087666800368FB1 /* DataType.swift */,
				01EC2DC0207F63970031BFEB /* FlushingMode.swift */,
				F0E757EF207D027300FE8C21 /* Configuration.swift */,
				F0CA58F5207F612200C89A7F /* DeviceProperties.swift */,
				F029BF22208A08CE00342498 /* Event.swift */,
				F067441320873813003C0293 /* PurchasedItem.swift */,
				C07E421020CA8B0900920809 /* Personalization */,
				C0F2407320BDA42600CAF7CE /* ExportFormat.swift */,
			);
			path = Models;
			sourceTree = "<group>";
		};
		F0CA58F7207F783E00C89A7F /* Tracking */ = {
			isa = PBXGroup;
			children = (
				F0CA58F8207F787100C89A7F /* TrackerSpec.swift */,
				F03943A32080946E00FE7759 /* TrackEventSpec.swift */,
				F067440C208642AC003C0293 /* TrackCustomerSpec.swift */,
				F03E4B8620848E970051ED80 /* TrackSessionSpec.swift */,
				F0E5C9012080EA21002CECA5 /* TrackMockData.swift */,
			);
			path = Tracking;
			sourceTree = "<group>";
		};
		F0E757DE207CF98600FE8C21 /* Others */ = {
			isa = PBXGroup;
			children = (
				F0E757DF207CF99E00FE8C21 /* Constants.swift */,
				C0753E9620A5808C00A779FF /* NSPersistentContainer+Bundle.swift */,
				C0EB5D8D20B710A900F1031F /* Data+TokenString.swift */,
				C02252C820B5F5FC00FDB7E3 /* JSONConvertible.swift */,
				C0EB5D8B20B70D5000F1031F /* Swizzler.swift */,
				C0F2406920BC38EC00CAF7CE /* Swizzle.swift */,
				C0EB5D8F20B7F8A900F1031F /* DispatchQueue+OnceTracker.swift */,
			);
			path = Others;
			sourceTree = "<group>";
		};
		F0E757E1207CF9BE00FE8C21 /* Repository */ = {
			isa = PBXGroup;
			children = (
				F0E757EA207CFA9700FE8C21 /* Repository.swift */,
				C0753E8F20A43D3900A779FF /* RepositoryError.swift */,
				F0E757E4207CFA5300FE8C21 /* RequestFactory.swift */,
				F0E757E8207CFA7A00FE8C21 /* ServerRepository.swift */,
			);
			path = Repository;
			sourceTree = "<group>";
		};
		F0E757EC207D023A00FE8C21 /* Classes */ = {
			isa = PBXGroup;
			children = (
				F0E757ED207D025300FE8C21 /* Exponea.swift */,
				C0F2406B20BC50A000CAF7CE /* Exponea+Fetching.swift */,
				C0F2406D20BC511500CAF7CE /* Exponea+Tracking.swift */,
				C0EB5D9E20BB530000F1031F /* ExponeaType.swift */,
				C0D9B07C20A3B24A0066FB1E /* ExponeaError.swift */,
				01EC2DB0207E55C10031BFEB /* Tracking */,
				F0E757E1207CF9BE00FE8C21 /* Repository */,
				01EC2DB8207E68BF0031BFEB /* Database */,
				F0C1C1CE207384ED005EB697 /* Models */,
				F067440E208731CF003C0293 /* Payment */,
				C0EB5D9120B811DE00F1031F /* Push Notifications */,
				0191639D207E14C9005FD174 /* Logging */,
				F0E757DE207CF98600FE8C21 /* Others */,
			);
			path = Classes;
			sourceTree = "<group>";
		};
/* End PBXGroup section */

/* Begin PBXHeadersBuildPhase section */
		F021E856206CF10200788ABC /* Headers */ = {
			isa = PBXHeadersBuildPhase;
			buildActionMask = 2147483647;
			files = (
				F021E86A206CF10200788ABC /* ExponeaSDK.h in Headers */,
			);
			runOnlyForDeploymentPostprocessing = 0;
		};
/* End PBXHeadersBuildPhase section */

/* Begin PBXNativeTarget section */
		C0F6C4DF2098A1AB00834E21 /* Example */ = {
			isa = PBXNativeTarget;
			buildConfigurationList = C0F6C4F12098A1AC00834E21 /* Build configuration list for PBXNativeTarget "Example" */;
			buildPhases = (
				C0F6C4DC2098A1AB00834E21 /* Sources */,
				C0F6C4DD2098A1AB00834E21 /* Frameworks */,
				C0F6C4DE2098A1AB00834E21 /* Resources */,
				C0843CF320B6E7CA00FAF0CB /* Embed Frameworks */,
			);
			buildRules = (
			);
			dependencies = (
				C0753E9420A5793200A779FF /* PBXTargetDependency */,
			);
			name = Example;
			productName = Example;
			productReference = C0F6C4E02098A1AB00834E21 /* Example.app */;
			productType = "com.apple.product-type.application";
		};
		F021E858206CF10200788ABC /* ExponeaSDK */ = {
			isa = PBXNativeTarget;
			buildConfigurationList = F021E86D206CF10200788ABC /* Build configuration list for PBXNativeTarget "ExponeaSDK" */;
			buildPhases = (
				F021E854206CF10200788ABC /* Sources */,
				F021E855206CF10200788ABC /* Frameworks */,
				F021E856206CF10200788ABC /* Headers */,
				F021E857206CF10200788ABC /* Resources */,
			);
			buildRules = (
			);
			dependencies = (
			);
			name = ExponeaSDK;
			productName = ExponeaSDK;
			productReference = F021E859206CF10200788ABC /* ExponeaSDK.framework */;
			productType = "com.apple.product-type.framework";
		};
		F021E861206CF10200788ABC /* ExponeaSDKTests */ = {
			isa = PBXNativeTarget;
			buildConfigurationList = F021E870206CF10200788ABC /* Build configuration list for PBXNativeTarget "ExponeaSDKTests" */;
			buildPhases = (
				66B6C7F3C0CC28444D9F6CED /* [CP] Check Pods Manifest.lock */,
				F021E85E206CF10200788ABC /* Sources */,
				F021E85F206CF10200788ABC /* Frameworks */,
				F021E860206CF10200788ABC /* Resources */,
				A288E9F4B46FDFEBF156FF41 /* [CP] Embed Pods Frameworks */,
			);
			buildRules = (
			);
			dependencies = (
				F021E865206CF10200788ABC /* PBXTargetDependency */,
			);
			name = ExponeaSDKTests;
			productName = ExponeaSDKTests;
			productReference = F021E862206CF10200788ABC /* ExponeaSDKTests.xctest */;
			productType = "com.apple.product-type.bundle.unit-test";
		};
/* End PBXNativeTarget section */

/* Begin PBXProject section */
		F021E850206CF10200788ABC /* Project object */ = {
			isa = PBXProject;
			attributes = {
				LastSwiftUpdateCheck = 0930;
				LastUpgradeCheck = 0940;
				ORGANIZATIONNAME = Exponea;
				TargetAttributes = {
					C0F6C4DF2098A1AB00834E21 = {
						CreatedOnToolsVersion = 9.3;
						LastSwiftMigration = 1000;
						ProvisioningStyle = Automatic;
						SystemCapabilities = {
							com.apple.Push = {
								enabled = 1;
							};
						};
					};
					F021E858206CF10200788ABC = {
						CreatedOnToolsVersion = 9.2;
						LastSwiftMigration = 1000;
						ProvisioningStyle = Automatic;
					};
					F021E861206CF10200788ABC = {
						CreatedOnToolsVersion = 9.2;
						LastSwiftMigration = 0930;
						ProvisioningStyle = Automatic;
					};
				};
			};
			buildConfigurationList = F021E853206CF10200788ABC /* Build configuration list for PBXProject "ExponeaSDK" */;
			compatibilityVersion = "Xcode 8.0";
			developmentRegion = en;
			hasScannedForEncodings = 0;
			knownRegions = (
				en,
				Base,
			);
			mainGroup = F021E84F206CF10200788ABC;
			productRefGroup = F021E85A206CF10200788ABC /* Products */;
			projectDirPath = "";
			projectRoot = "";
			targets = (
				F021E858206CF10200788ABC /* ExponeaSDK */,
				F021E861206CF10200788ABC /* ExponeaSDKTests */,
				C0F6C4DF2098A1AB00834E21 /* Example */,
			);
		};
/* End PBXProject section */

/* Begin PBXResourcesBuildPhase section */
		C0F6C4DE2098A1AB00834E21 /* Resources */ = {
			isa = PBXResourcesBuildPhase;
			buildActionMask = 2147483647;
			files = (
				C0F6C4ED2098A1AC00834E21 /* LaunchScreen.storyboard in Resources */,
				C0F6C4EA2098A1AC00834E21 /* Assets.xcassets in Resources */,
				C0F6C4E82098A1AB00834E21 /* Main.storyboard in Resources */,
			);
			runOnlyForDeploymentPostprocessing = 0;
		};
		F021E857206CF10200788ABC /* Resources */ = {
			isa = PBXResourcesBuildPhase;
			buildActionMask = 2147483647;
			files = (
			);
			runOnlyForDeploymentPostprocessing = 0;
		};
		F021E860206CF10200788ABC /* Resources */ = {
			isa = PBXResourcesBuildPhase;
			buildActionMask = 2147483647;
			files = (
				F0E757F5207D032500FE8C21 /* ExponeaConfig.plist in Resources */,
				F029BF35208DBE1200342498 /* get-recommendation.json in Resources */,
				01764BC62087775800D0D673 /* config_valid.plist in Resources */,
				01764BC82087794000D0D673 /* config_valid2.plist in Resources */,
			);
			runOnlyForDeploymentPostprocessing = 0;
		};
/* End PBXResourcesBuildPhase section */

/* Begin PBXShellScriptBuildPhase section */
		66B6C7F3C0CC28444D9F6CED /* [CP] Check Pods Manifest.lock */ = {
			isa = PBXShellScriptBuildPhase;
			buildActionMask = 2147483647;
			files = (
			);
			inputPaths = (
				"${PODS_PODFILE_DIR_PATH}/Podfile.lock",
				"${PODS_ROOT}/Manifest.lock",
			);
			name = "[CP] Check Pods Manifest.lock";
			outputPaths = (
				"$(DERIVED_FILE_DIR)/Pods-ExponeaSDKTests-checkManifestLockResult.txt",
			);
			runOnlyForDeploymentPostprocessing = 0;
			shellPath = /bin/sh;
			shellScript = "diff \"${PODS_PODFILE_DIR_PATH}/Podfile.lock\" \"${PODS_ROOT}/Manifest.lock\" > /dev/null\nif [ $? != 0 ] ; then\n    # print error to STDERR\n    echo \"error: The sandbox is not in sync with the Podfile.lock. Run 'pod install' or update your CocoaPods installation.\" >&2\n    exit 1\nfi\n# This output is used by Xcode 'outputs' to avoid re-running this script phase.\necho \"SUCCESS\" > \"${SCRIPT_OUTPUT_FILE_0}\"\n";
			showEnvVarsInLog = 0;
		};
		A288E9F4B46FDFEBF156FF41 /* [CP] Embed Pods Frameworks */ = {
			isa = PBXShellScriptBuildPhase;
			buildActionMask = 2147483647;
			files = (
			);
			inputPaths = (
				"${SRCROOT}/../Pods/Target Support Files/Pods-ExponeaSDKTests/Pods-ExponeaSDKTests-frameworks.sh",
				"${BUILT_PRODUCTS_DIR}/Nimble/Nimble.framework",
				"${BUILT_PRODUCTS_DIR}/Quick/Quick.framework",
			);
			name = "[CP] Embed Pods Frameworks";
			outputPaths = (
				"${TARGET_BUILD_DIR}/${FRAMEWORKS_FOLDER_PATH}/Nimble.framework",
				"${TARGET_BUILD_DIR}/${FRAMEWORKS_FOLDER_PATH}/Quick.framework",
			);
			runOnlyForDeploymentPostprocessing = 0;
			shellPath = /bin/sh;
			shellScript = "\"${SRCROOT}/../Pods/Target Support Files/Pods-ExponeaSDKTests/Pods-ExponeaSDKTests-frameworks.sh\"\n";
			showEnvVarsInLog = 0;
		};
/* End PBXShellScriptBuildPhase section */

/* Begin PBXSourcesBuildPhase section */
		C0F6C4DC2098A1AB00834E21 /* Sources */ = {
			isa = PBXSourcesBuildPhase;
			buildActionMask = 2147483647;
			files = (
				C0EB5D9D20B8193A00F1031F /* TrackingViewController.swift in Sources */,
				C0F6C4E52098A1AB00834E21 /* AuthenticationViewController.swift in Sources */,
				C0F2407020BD98EB00CAF7CE /* MemoryLogger.swift in Sources */,
				C0F6C4E32098A1AB00834E21 /* AppDelegate.swift in Sources */,
				C0EB5D9B20B8193200F1031F /* FlushingViewController.swift in Sources */,
				C0F2407220BD9A5500CAF7CE /* LogViewController.swift in Sources */,
				C0EB5D9720B8190500F1031F /* FetchViewController.swift in Sources */,
				C07E41FF20C930E400920809 /* IdentifyCustomerViewController.swift in Sources */,
				C07E41FD20C930C400920809 /* TrackEventViewController.swift in Sources */,
			);
			runOnlyForDeploymentPostprocessing = 0;
		};
		F021E854206CF10200788ABC /* Sources */ = {
			isa = PBXSourcesBuildPhase;
			buildActionMask = 2147483647;
			files = (
				C0EB5D9320B811F900F1031F /* PushNotificationManager.swift in Sources */,
				C07F1BC7209A474A004FE933 /* EntityValueResponse.swift in Sources */,
				F029BF21208A089C00342498 /* EventsResponse.swift in Sources */,
				F0E757E5207CFA5300FE8C21 /* RequestFactory.swift in Sources */,
				F029BF2B208A2BC300342498 /* RecommendationResponse.swift in Sources */,
				C0D9B07D20A3B24A0066FB1E /* ExponeaError.swift in Sources */,
				C0EB5D8A20B6EABC00F1031F /* TrackCustomer+DataType.swift in Sources */,
				C07E420920CA89DE00920809 /* PersonalizationRequest.swift in Sources */,
				C0F2406C20BC50A000CAF7CE /* Exponea+Fetching.swift in Sources */,
				01EC2DA5207E4F8F0031BFEB /* RecommendationRequest.swift in Sources */,
				C07E421420CA8C1B00920809 /* BannerFrequency.swift in Sources */,
				F0E757EE207D025300FE8C21 /* Exponea.swift in Sources */,
				F029BF25208A08F800342498 /* Result.swift in Sources */,
				019F1AC52087666900368FB1 /* DataType.swift in Sources */,
				C07E420B20CA8A3300920809 /* Banner.swift in Sources */,
				C0753E9220A574AE00A779FF /* TrackEvent+DataType.swift in Sources */,
				C07E420F20CA8AF700920809 /* DateFilter.swift in Sources */,
				01EC2DAD207E53E40031BFEB /* AttributesDescription.swift in Sources */,
				01EC2DBD207E68BF0031BFEB /* DatabaseManager.swift in Sources */,
				C0E6775F20A6E3F800789861 /* Customer+DataType.swift in Sources */,
				01EC2DB4207E58080031BFEB /* EventType.swift in Sources */,
				F0674410208731F9003C0293 /* PaymentManager.swift in Sources */,
				F029BF23208A08CE00342498 /* Event.swift in Sources */,
				F029BF27208A096900342498 /* HTTPMethod.swift in Sources */,
				01EC2DA9207E4FC10031BFEB /* CustomerExportRequest.swift in Sources */,
				C02252C920B5F5FC00FDB7E3 /* JSONConvertible.swift in Sources */,
				01EC2DB6207E5F600031BFEB /* TrackingManagerType.swift in Sources */,
				C0F2406E20BC511500CAF7CE /* Exponea+Tracking.swift in Sources */,
				C0D9B07920A38A8C0066FB1E /* PaymentManagerDelegate.swift in Sources */,
				01C2AD4E208F61000012F663 /* CustomerParameters.swift in Sources */,
				01EC2DBF207E68BF0031BFEB /* DatabaseModel.xcdatamodeld in Sources */,
				F0674412208732AF003C0293 /* PaymentManagerType.swift in Sources */,
				C0EB5D9F20BB530000F1031F /* ExponeaType.swift in Sources */,
				C0D9B07F20A3B8070066FB1E /* DatabaseManagerError.swift in Sources */,
				F0E757E9207CFA7A00FE8C21 /* ServerRepository.swift in Sources */,
				0191639F207E14D9005FD174 /* LogLevel.swift in Sources */,
				C0753E9020A43D3900A779FF /* RepositoryError.swift in Sources */,
				0191639C207E11BF005FD174 /* Logger.swift in Sources */,
				01EC2DB2207E55CB0031BFEB /* TrackingManager.swift in Sources */,
				01EC2DC1207F63970031BFEB /* FlushingMode.swift in Sources */,
				C07E420120CA896B00920809 /* PersonalizationResponse.swift in Sources */,
				01EC2DA7207E4FBA0031BFEB /* EventsRequest.swift in Sources */,
				01EC2DAB207E53D90031BFEB /* AttributesListDescription.swift in Sources */,
				C0F2406A20BC38EC00CAF7CE /* Swizzle.swift in Sources */,
				C0EB5D8C20B70D5000F1031F /* Swizzler.swift in Sources */,
				C0D9B07B20A3B2410066FB1E /* TrackingManagerError.swift in Sources */,
				F029BF29208A099500342498 /* Routes.swift in Sources */,
				C0D9B08120A3C0D50066FB1E /* Authorization.swift in Sources */,
				01C2AD4C208F60ED0012F663 /* TrackingParameters.swift in Sources */,
				C0EB5D9520B8123200F1031F /* PushNotificationSelectors.swift in Sources */,
				C01E19EA20C02A4D00DF64F9 /* ErrorResponse.swift in Sources */,
				F0E757E0207CF99E00FE8C21 /* Constants.swift in Sources */,
				F067441420873813003C0293 /* PurchasedItem.swift in Sources */,
				F0E757EB207CFA9700FE8C21 /* Repository.swift in Sources */,
				01EC2DBE207E68BF0031BFEB /* DatabaseManagerType.swift in Sources */,
				F0E757F0207D027300FE8C21 /* Configuration.swift in Sources */,
				C07E420520CA898700920809 /* BannerResponse.swift in Sources */,
				C07E420D20CA8A3C00920809 /* Personalization.swift in Sources */,
				C0EB5D8E20B710A900F1031F /* Data+TokenString.swift in Sources */,
				F0CA58F6207F612200C89A7F /* DeviceProperties.swift in Sources */,
				C0F2407420BDA42600CAF7CE /* ExportFormat.swift in Sources */,
				C0753E9720A5808C00A779FF /* NSPersistentContainer+Bundle.swift in Sources */,
				C07E421620CA8D1800920809 /* BannerTrigger.swift in Sources */,
				C0EB5DA620BB59BD00F1031F /* RequestParametersType.swift in Sources */,
				F029BF2D208A2C5200342498 /* StringResponse.swift in Sources */,
				C07E421220CA8B9900920809 /* DeviceTarget.swift in Sources */,
				C0EB5D9020B7F8A900F1031F /* DispatchQueue+OnceTracker.swift in Sources */,
			);
			runOnlyForDeploymentPostprocessing = 0;
		};
		F021E85E206CF10200788ABC /* Sources */ = {
			isa = PBXSourcesBuildPhase;
			buildActionMask = 2147483647;
			files = (
				F03E4B8720848E970051ED80 /* TrackSessionSpec.swift in Sources */,
				019163A3207E15FB005FD174 /* LoggerSpec.swift in Sources */,
				F03943A42080946E00FE7759 /* TrackEventSpec.swift in Sources */,
				F06744072085E983003C0293 /* StubEntities.swift in Sources */,
				F0E757F3207D02F100FE8C21 /* ExponeaSpec.swift in Sources */,
				01764BC42087742100D0D673 /* ConfigurationSpec.swift in Sources */,
				019163A5207E1904005FD174 /* LogLevelSpec.swift in Sources */,
				F029BF2F208A386E00342498 /* FetchRecommendationSpec.swift in Sources */,
				F01ADE622084D58600E20662 /* DevicePropertiesSpec.swift in Sources */,
				F067441720878FA1003C0293 /* FetchEventsSpec.swift in Sources */,
				F067440D208642AC003C0293 /* TrackCustomerSpec.swift in Sources */,
				F029BF33208A41FC00342498 /* MockFetchRepository.swift in Sources */,
				F063BEAA207E36E600030811 /* MockDatabase.swift in Sources */,
				F0CA58F9207F787100C89A7F /* TrackerSpec.swift in Sources */,
				F06744192087939B003C0293 /* FetchMockData.swift in Sources */,
				F0E5C9022080EA21002CECA5 /* TrackMockData.swift in Sources */,
			);
			runOnlyForDeploymentPostprocessing = 0;
		};
/* End PBXSourcesBuildPhase section */

/* Begin PBXTargetDependency section */
		C0753E9420A5793200A779FF /* PBXTargetDependency */ = {
			isa = PBXTargetDependency;
			target = F021E858206CF10200788ABC /* ExponeaSDK */;
			targetProxy = C0753E9320A5793200A779FF /* PBXContainerItemProxy */;
		};
		F021E865206CF10200788ABC /* PBXTargetDependency */ = {
			isa = PBXTargetDependency;
			target = F021E858206CF10200788ABC /* ExponeaSDK */;
			targetProxy = F021E864206CF10200788ABC /* PBXContainerItemProxy */;
		};
/* End PBXTargetDependency section */

/* Begin PBXVariantGroup section */
		C0F6C4E62098A1AB00834E21 /* Main.storyboard */ = {
			isa = PBXVariantGroup;
			children = (
				C0F6C4E72098A1AB00834E21 /* Base */,
			);
			name = Main.storyboard;
			sourceTree = "<group>";
		};
		C0F6C4EB2098A1AC00834E21 /* LaunchScreen.storyboard */ = {
			isa = PBXVariantGroup;
			children = (
				C0F6C4EC2098A1AC00834E21 /* Base */,
			);
			name = LaunchScreen.storyboard;
			sourceTree = "<group>";
		};
/* End PBXVariantGroup section */

/* Begin XCBuildConfiguration section */
		C0F6C4EF2098A1AC00834E21 /* Debug */ = {
			isa = XCBuildConfiguration;
			buildSettings = {
				ALWAYS_EMBED_SWIFT_STANDARD_LIBRARIES = YES;
				ASSETCATALOG_COMPILER_APPICON_NAME = AppIcon;
				CLANG_ENABLE_OBJC_WEAK = YES;
				CODE_SIGN_ENTITLEMENTS = Example/Example.entitlements;
				CODE_SIGN_STYLE = Automatic;
				DEVELOPMENT_TEAM = HW27H6H98R;
				INFOPLIST_FILE = "$(SRCROOT)/Example/Resources/Info.plist";
				IPHONEOS_DEPLOYMENT_TARGET = 10.3;
				LD_RUNPATH_SEARCH_PATHS = "$(inherited) @executable_path/Frameworks";
				PRODUCT_BUNDLE_IDENTIFIER = com.nodes.ExponeaSDK;
				PRODUCT_NAME = "$(TARGET_NAME)";
				SWIFT_VERSION = 4.2;
				TARGETED_DEVICE_FAMILY = 1;
			};
			name = Debug;
		};
		C0F6C4F02098A1AC00834E21 /* Release */ = {
			isa = XCBuildConfiguration;
			buildSettings = {
				ALWAYS_EMBED_SWIFT_STANDARD_LIBRARIES = YES;
				ASSETCATALOG_COMPILER_APPICON_NAME = AppIcon;
				CLANG_ENABLE_OBJC_WEAK = YES;
				CODE_SIGN_ENTITLEMENTS = Example/Example.entitlements;
				CODE_SIGN_STYLE = Automatic;
				DEVELOPMENT_TEAM = HW27H6H98R;
				INFOPLIST_FILE = "$(SRCROOT)/Example/Resources/Info.plist";
				IPHONEOS_DEPLOYMENT_TARGET = 10.3;
				LD_RUNPATH_SEARCH_PATHS = "$(inherited) @executable_path/Frameworks";
				PRODUCT_BUNDLE_IDENTIFIER = com.nodes.ExponeaSDK;
				PRODUCT_NAME = "$(TARGET_NAME)";
				SWIFT_VERSION = 4.2;
				TARGETED_DEVICE_FAMILY = 1;
			};
			name = Release;
		};
		F021E86B206CF10200788ABC /* Debug */ = {
			isa = XCBuildConfiguration;
			buildSettings = {
				ALWAYS_SEARCH_USER_PATHS = NO;
				CLANG_ANALYZER_NONNULL = YES;
				CLANG_ANALYZER_NUMBER_OBJECT_CONVERSION = YES_AGGRESSIVE;
				CLANG_CXX_LANGUAGE_STANDARD = "gnu++14";
				CLANG_CXX_LIBRARY = "libc++";
				CLANG_ENABLE_MODULES = YES;
				CLANG_ENABLE_OBJC_ARC = YES;
				CLANG_WARN_BLOCK_CAPTURE_AUTORELEASING = YES;
				CLANG_WARN_BOOL_CONVERSION = YES;
				CLANG_WARN_COMMA = YES;
				CLANG_WARN_CONSTANT_CONVERSION = YES;
				CLANG_WARN_DEPRECATED_OBJC_IMPLEMENTATIONS = YES;
				CLANG_WARN_DIRECT_OBJC_ISA_USAGE = YES_ERROR;
				CLANG_WARN_DOCUMENTATION_COMMENTS = YES;
				CLANG_WARN_EMPTY_BODY = YES;
				CLANG_WARN_ENUM_CONVERSION = YES;
				CLANG_WARN_INFINITE_RECURSION = YES;
				CLANG_WARN_INT_CONVERSION = YES;
				CLANG_WARN_NON_LITERAL_NULL_CONVERSION = YES;
				CLANG_WARN_OBJC_IMPLICIT_RETAIN_SELF = YES;
				CLANG_WARN_OBJC_LITERAL_CONVERSION = YES;
				CLANG_WARN_OBJC_ROOT_CLASS = YES_ERROR;
				CLANG_WARN_RANGE_LOOP_ANALYSIS = YES;
				CLANG_WARN_STRICT_PROTOTYPES = YES;
				CLANG_WARN_SUSPICIOUS_MOVE = YES;
				CLANG_WARN_UNGUARDED_AVAILABILITY = YES_AGGRESSIVE;
				CLANG_WARN_UNREACHABLE_CODE = YES;
				CLANG_WARN__DUPLICATE_METHOD_MATCH = YES;
				CODE_SIGN_IDENTITY = "iPhone Developer";
				COPY_PHASE_STRIP = NO;
				CURRENT_PROJECT_VERSION = 1;
				DEBUG_INFORMATION_FORMAT = dwarf;
				ENABLE_STRICT_OBJC_MSGSEND = YES;
				ENABLE_TESTABILITY = YES;
				GCC_C_LANGUAGE_STANDARD = gnu11;
				GCC_DYNAMIC_NO_PIC = NO;
				GCC_NO_COMMON_BLOCKS = YES;
				GCC_OPTIMIZATION_LEVEL = 0;
				GCC_PREPROCESSOR_DEFINITIONS = (
					"DEBUG=1",
					"$(inherited)",
				);
				GCC_WARN_64_TO_32_BIT_CONVERSION = YES;
				GCC_WARN_ABOUT_RETURN_TYPE = YES_ERROR;
				GCC_WARN_UNDECLARED_SELECTOR = YES;
				GCC_WARN_UNINITIALIZED_AUTOS = YES_AGGRESSIVE;
				GCC_WARN_UNUSED_FUNCTION = YES;
				GCC_WARN_UNUSED_VARIABLE = YES;
				IPHONEOS_DEPLOYMENT_TARGET = 10.3;
				MTL_ENABLE_DEBUG_INFO = YES;
				ONLY_ACTIVE_ARCH = YES;
				SDKROOT = iphoneos;
				SWIFT_ACTIVE_COMPILATION_CONDITIONS = DEBUG;
				SWIFT_OPTIMIZATION_LEVEL = "-Onone";
				VERSIONING_SYSTEM = "apple-generic";
				VERSION_INFO_PREFIX = "";
			};
			name = Debug;
		};
		F021E86C206CF10200788ABC /* Release */ = {
			isa = XCBuildConfiguration;
			buildSettings = {
				ALWAYS_SEARCH_USER_PATHS = NO;
				CLANG_ANALYZER_NONNULL = YES;
				CLANG_ANALYZER_NUMBER_OBJECT_CONVERSION = YES_AGGRESSIVE;
				CLANG_CXX_LANGUAGE_STANDARD = "gnu++14";
				CLANG_CXX_LIBRARY = "libc++";
				CLANG_ENABLE_MODULES = YES;
				CLANG_ENABLE_OBJC_ARC = YES;
				CLANG_WARN_BLOCK_CAPTURE_AUTORELEASING = YES;
				CLANG_WARN_BOOL_CONVERSION = YES;
				CLANG_WARN_COMMA = YES;
				CLANG_WARN_CONSTANT_CONVERSION = YES;
				CLANG_WARN_DEPRECATED_OBJC_IMPLEMENTATIONS = YES;
				CLANG_WARN_DIRECT_OBJC_ISA_USAGE = YES_ERROR;
				CLANG_WARN_DOCUMENTATION_COMMENTS = YES;
				CLANG_WARN_EMPTY_BODY = YES;
				CLANG_WARN_ENUM_CONVERSION = YES;
				CLANG_WARN_INFINITE_RECURSION = YES;
				CLANG_WARN_INT_CONVERSION = YES;
				CLANG_WARN_NON_LITERAL_NULL_CONVERSION = YES;
				CLANG_WARN_OBJC_IMPLICIT_RETAIN_SELF = YES;
				CLANG_WARN_OBJC_LITERAL_CONVERSION = YES;
				CLANG_WARN_OBJC_ROOT_CLASS = YES_ERROR;
				CLANG_WARN_RANGE_LOOP_ANALYSIS = YES;
				CLANG_WARN_STRICT_PROTOTYPES = YES;
				CLANG_WARN_SUSPICIOUS_MOVE = YES;
				CLANG_WARN_UNGUARDED_AVAILABILITY = YES_AGGRESSIVE;
				CLANG_WARN_UNREACHABLE_CODE = YES;
				CLANG_WARN__DUPLICATE_METHOD_MATCH = YES;
				CODE_SIGN_IDENTITY = "iPhone Developer";
				COPY_PHASE_STRIP = NO;
				CURRENT_PROJECT_VERSION = 1;
				DEBUG_INFORMATION_FORMAT = "dwarf-with-dsym";
				ENABLE_NS_ASSERTIONS = NO;
				ENABLE_STRICT_OBJC_MSGSEND = YES;
				GCC_C_LANGUAGE_STANDARD = gnu11;
				GCC_NO_COMMON_BLOCKS = YES;
				GCC_WARN_64_TO_32_BIT_CONVERSION = YES;
				GCC_WARN_ABOUT_RETURN_TYPE = YES_ERROR;
				GCC_WARN_UNDECLARED_SELECTOR = YES;
				GCC_WARN_UNINITIALIZED_AUTOS = YES_AGGRESSIVE;
				GCC_WARN_UNUSED_FUNCTION = YES;
				GCC_WARN_UNUSED_VARIABLE = YES;
				IPHONEOS_DEPLOYMENT_TARGET = 10.3;
				MTL_ENABLE_DEBUG_INFO = NO;
				SDKROOT = iphoneos;
				SWIFT_OPTIMIZATION_LEVEL = "-Owholemodule";
				VALIDATE_PRODUCT = YES;
				VERSIONING_SYSTEM = "apple-generic";
				VERSION_INFO_PREFIX = "";
			};
			name = Release;
		};
		F021E86E206CF10200788ABC /* Debug */ = {
			isa = XCBuildConfiguration;
			buildSettings = {
				CLANG_ENABLE_MODULES = YES;
				CODE_SIGN_IDENTITY = "";
				CODE_SIGN_STYLE = Automatic;
				DEFINES_MODULE = YES;
				DEVELOPMENT_TEAM = HW27H6H98R;
				DYLIB_COMPATIBILITY_VERSION = 1;
				DYLIB_CURRENT_VERSION = 1;
				DYLIB_INSTALL_NAME_BASE = "@rpath";
				INFOPLIST_FILE = "$(SRCROOT)/ExponeaSDK/Supporting Files/Info.plist";
				INSTALL_PATH = "$(LOCAL_LIBRARY_DIR)/Frameworks";
				IPHONEOS_DEPLOYMENT_TARGET = 10.3;
				LD_RUNPATH_SEARCH_PATHS = "$(inherited) @executable_path/Frameworks @loader_path/Frameworks";
				PRODUCT_BUNDLE_IDENTIFIER = com.exponea.ExponeaSDK;
				PRODUCT_NAME = "$(TARGET_NAME:c99extidentifier)";
				SKIP_INSTALL = YES;
				SWIFT_ACTIVE_COMPILATION_CONDITIONS = DEBUG;
				SWIFT_OPTIMIZATION_LEVEL = "-Onone";
				SWIFT_VERSION = 4.2;
				TARGETED_DEVICE_FAMILY = "1,2";
			};
			name = Debug;
		};
		F021E86F206CF10200788ABC /* Release */ = {
			isa = XCBuildConfiguration;
			buildSettings = {
				CLANG_ENABLE_MODULES = YES;
				CODE_SIGN_IDENTITY = "";
				CODE_SIGN_STYLE = Automatic;
				DEFINES_MODULE = YES;
				DEVELOPMENT_TEAM = HW27H6H98R;
				DYLIB_COMPATIBILITY_VERSION = 1;
				DYLIB_CURRENT_VERSION = 1;
				DYLIB_INSTALL_NAME_BASE = "@rpath";
				GCC_PREPROCESSOR_DEFINITIONS = "$(inherited)";
				INFOPLIST_FILE = "$(SRCROOT)/ExponeaSDK/Supporting Files/Info.plist";
				INSTALL_PATH = "$(LOCAL_LIBRARY_DIR)/Frameworks";
				IPHONEOS_DEPLOYMENT_TARGET = 10.3;
				LD_RUNPATH_SEARCH_PATHS = "$(inherited) @executable_path/Frameworks @loader_path/Frameworks";
				PRODUCT_BUNDLE_IDENTIFIER = com.exponea.ExponeaSDK;
				PRODUCT_NAME = "$(TARGET_NAME:c99extidentifier)";
				SKIP_INSTALL = YES;
				SWIFT_VERSION = 4.2;
				TARGETED_DEVICE_FAMILY = "1,2";
			};
			name = Release;
		};
		F021E871206CF10200788ABC /* Debug */ = {
			isa = XCBuildConfiguration;
			baseConfigurationReference = 7F633CE783D735A862037D41 /* Pods-ExponeaSDKTests.debug.xcconfig */;
			buildSettings = {
				CLANG_ENABLE_MODULES = YES;
				CODE_SIGN_STYLE = Automatic;
				INFOPLIST_FILE = "ExponeaSDKTests/Supporting Files/Info.plist";
				LD_RUNPATH_SEARCH_PATHS = "$(inherited) @executable_path/Frameworks @loader_path/Frameworks";
				PRODUCT_BUNDLE_IDENTIFIER = com.exponea.ExponeaSDKTests;
				PRODUCT_NAME = "$(TARGET_NAME)";
				SWIFT_OPTIMIZATION_LEVEL = "-Onone";
				SWIFT_VERSION = 4.0;
				TARGETED_DEVICE_FAMILY = "1,2";
			};
			name = Debug;
		};
		F021E872206CF10200788ABC /* Release */ = {
			isa = XCBuildConfiguration;
			baseConfigurationReference = B4FE42FEB4796BF54B37662B /* Pods-ExponeaSDKTests.release.xcconfig */;
			buildSettings = {
				CLANG_ENABLE_MODULES = YES;
				CODE_SIGN_STYLE = Automatic;
				INFOPLIST_FILE = "ExponeaSDKTests/Supporting Files/Info.plist";
				LD_RUNPATH_SEARCH_PATHS = "$(inherited) @executable_path/Frameworks @loader_path/Frameworks";
				PRODUCT_BUNDLE_IDENTIFIER = com.exponea.ExponeaSDKTests;
				PRODUCT_NAME = "$(TARGET_NAME)";
				SWIFT_VERSION = 4.0;
				TARGETED_DEVICE_FAMILY = "1,2";
			};
			name = Release;
		};
/* End XCBuildConfiguration section */

/* Begin XCConfigurationList section */
		C0F6C4F12098A1AC00834E21 /* Build configuration list for PBXNativeTarget "Example" */ = {
			isa = XCConfigurationList;
			buildConfigurations = (
				C0F6C4EF2098A1AC00834E21 /* Debug */,
				C0F6C4F02098A1AC00834E21 /* Release */,
			);
			defaultConfigurationIsVisible = 0;
			defaultConfigurationName = Release;
		};
		F021E853206CF10200788ABC /* Build configuration list for PBXProject "ExponeaSDK" */ = {
			isa = XCConfigurationList;
			buildConfigurations = (
				F021E86B206CF10200788ABC /* Debug */,
				F021E86C206CF10200788ABC /* Release */,
			);
			defaultConfigurationIsVisible = 0;
			defaultConfigurationName = Release;
		};
		F021E86D206CF10200788ABC /* Build configuration list for PBXNativeTarget "ExponeaSDK" */ = {
			isa = XCConfigurationList;
			buildConfigurations = (
				F021E86E206CF10200788ABC /* Debug */,
				F021E86F206CF10200788ABC /* Release */,
			);
			defaultConfigurationIsVisible = 0;
			defaultConfigurationName = Release;
		};
		F021E870206CF10200788ABC /* Build configuration list for PBXNativeTarget "ExponeaSDKTests" */ = {
			isa = XCConfigurationList;
			buildConfigurations = (
				F021E871206CF10200788ABC /* Debug */,
				F021E872206CF10200788ABC /* Release */,
			);
			defaultConfigurationIsVisible = 0;
			defaultConfigurationName = Release;
		};
/* End XCConfigurationList section */

/* Begin XCVersionGroup section */
		01EC2DBB207E68BF0031BFEB /* DatabaseModel.xcdatamodeld */ = {
			isa = XCVersionGroup;
			children = (
				01EC2DBC207E68BF0031BFEB /* DatabaseModel.xcdatamodel */,
			);
			currentVersion = 01EC2DBC207E68BF0031BFEB /* DatabaseModel.xcdatamodel */;
			path = DatabaseModel.xcdatamodeld;
			sourceTree = "<group>";
			versionGroupType = wrapper.xcdatamodel;
		};
/* End XCVersionGroup section */
	};
	rootObject = F021E850206CF10200788ABC /* Project object */;
}
