// !$*UTF8*$!
{
	archiveVersion = 1;
	classes = {
	};
	objectVersion = 48;
	objects = {

/* Begin PBXBuildFile section */
		D20134EC7D150032774DF78D /* Pods_ExponeaSDKTests.framework in Frameworks */ = {isa = PBXBuildFile; fileRef = 080033AD83490110B7A029BD /* Pods_ExponeaSDKTests.framework */; };
		F021E863206CF10200788ABC /* ExponeaSDK.framework in Frameworks */ = {isa = PBXBuildFile; fileRef = F021E859206CF10200788ABC /* ExponeaSDK.framework */; };
		F021E868206CF10200788ABC /* ExponeaSDKTests.swift in Sources */ = {isa = PBXBuildFile; fileRef = F021E867206CF10200788ABC /* ExponeaSDKTests.swift */; };
		F021E86A206CF10200788ABC /* ExponeaSDK.h in Headers */ = {isa = PBXBuildFile; fileRef = F021E85C206CF10200788ABC /* ExponeaSDK.h */; settings = {ATTRIBUTES = (Public, ); }; };
		F021E8AC206D2B2E00788ABC /* ExponeaDbModel.xcdatamodeld in Sources */ = {isa = PBXBuildFile; fileRef = F021E8AA206D2B2E00788ABC /* ExponeaDbModel.xcdatamodeld */; };
		FFE74F5792FF87D90A822C1A /* Pods_ExponeaSDK.framework in Frameworks */ = {isa = PBXBuildFile; fileRef = E60F84DD39D938AAB043ED11 /* Pods_ExponeaSDK.framework */; };
/* End PBXBuildFile section */

/* Begin PBXContainerItemProxy section */
		F021E864206CF10200788ABC /* PBXContainerItemProxy */ = {
			isa = PBXContainerItemProxy;
			containerPortal = F021E850206CF10200788ABC /* Project object */;
			proxyType = 1;
			remoteGlobalIDString = F021E858206CF10200788ABC;
			remoteInfo = ExponeaSDK;
		};
/* End PBXContainerItemProxy section */

/* Begin PBXFileReference section */
		080033AD83490110B7A029BD /* Pods_ExponeaSDKTests.framework */ = {isa = PBXFileReference; explicitFileType = wrapper.framework; includeInIndex = 0; path = Pods_ExponeaSDKTests.framework; sourceTree = BUILT_PRODUCTS_DIR; };
		6A9541A0D49B621C7B60EAC2 /* Pods-ExponeaSDK.release.xcconfig */ = {isa = PBXFileReference; includeInIndex = 1; lastKnownFileType = text.xcconfig; name = "Pods-ExponeaSDK.release.xcconfig"; path = "../Pods/Target Support Files/Pods-ExponeaSDK/Pods-ExponeaSDK.release.xcconfig"; sourceTree = "<group>"; };
		7F633CE783D735A862037D41 /* Pods-ExponeaSDKTests.debug.xcconfig */ = {isa = PBXFileReference; includeInIndex = 1; lastKnownFileType = text.xcconfig; name = "Pods-ExponeaSDKTests.debug.xcconfig"; path = "../Pods/Target Support Files/Pods-ExponeaSDKTests/Pods-ExponeaSDKTests.debug.xcconfig"; sourceTree = "<group>"; };
		B4FE42FEB4796BF54B37662B /* Pods-ExponeaSDKTests.release.xcconfig */ = {isa = PBXFileReference; includeInIndex = 1; lastKnownFileType = text.xcconfig; name = "Pods-ExponeaSDKTests.release.xcconfig"; path = "../Pods/Target Support Files/Pods-ExponeaSDKTests/Pods-ExponeaSDKTests.release.xcconfig"; sourceTree = "<group>"; };
		B57907D0B9C15901B882D6C2 /* Pods-ExponeaSDK.debug.xcconfig */ = {isa = PBXFileReference; includeInIndex = 1; lastKnownFileType = text.xcconfig; name = "Pods-ExponeaSDK.debug.xcconfig"; path = "../Pods/Target Support Files/Pods-ExponeaSDK/Pods-ExponeaSDK.debug.xcconfig"; sourceTree = "<group>"; };
		E60F84DD39D938AAB043ED11 /* Pods_ExponeaSDK.framework */ = {isa = PBXFileReference; explicitFileType = wrapper.framework; includeInIndex = 0; path = Pods_ExponeaSDK.framework; sourceTree = BUILT_PRODUCTS_DIR; };
		F021E859206CF10200788ABC /* ExponeaSDK.framework */ = {isa = PBXFileReference; explicitFileType = wrapper.framework; includeInIndex = 0; path = ExponeaSDK.framework; sourceTree = BUILT_PRODUCTS_DIR; };
		F021E85C206CF10200788ABC /* ExponeaSDK.h */ = {isa = PBXFileReference; lastKnownFileType = sourcecode.c.h; path = ExponeaSDK.h; sourceTree = "<group>"; };
		F021E85D206CF10200788ABC /* Info.plist */ = {isa = PBXFileReference; lastKnownFileType = text.plist.xml; path = Info.plist; sourceTree = "<group>"; };
		F021E862206CF10200788ABC /* ExponeaSDKTests.xctest */ = {isa = PBXFileReference; explicitFileType = wrapper.cfbundle; includeInIndex = 0; path = ExponeaSDKTests.xctest; sourceTree = BUILT_PRODUCTS_DIR; };
		F021E867206CF10200788ABC /* ExponeaSDKTests.swift */ = {isa = PBXFileReference; lastKnownFileType = sourcecode.swift; path = ExponeaSDKTests.swift; sourceTree = "<group>"; };
		F021E869206CF10200788ABC /* Info.plist */ = {isa = PBXFileReference; lastKnownFileType = text.plist.xml; path = Info.plist; sourceTree = "<group>"; };
		F021E8AB206D2B2E00788ABC /* ExponeaDbModel.xcdatamodel */ = {isa = PBXFileReference; lastKnownFileType = wrapper.xcdatamodel; path = ExponeaDbModel.xcdatamodel; sourceTree = "<group>"; };
/* End PBXFileReference section */

/* Begin PBXFrameworksBuildPhase section */
		F021E855206CF10200788ABC /* Frameworks */ = {
			isa = PBXFrameworksBuildPhase;
			buildActionMask = 2147483647;
			files = (
				FFE74F5792FF87D90A822C1A /* Pods_ExponeaSDK.framework in Frameworks */,
			);
			runOnlyForDeploymentPostprocessing = 0;
		};
		F021E85F206CF10200788ABC /* Frameworks */ = {
			isa = PBXFrameworksBuildPhase;
			buildActionMask = 2147483647;
			files = (
				F021E863206CF10200788ABC /* ExponeaSDK.framework in Frameworks */,
				D20134EC7D150032774DF78D /* Pods_ExponeaSDKTests.framework in Frameworks */,
			);
			runOnlyForDeploymentPostprocessing = 0;
		};
/* End PBXFrameworksBuildPhase section */

/* Begin PBXGroup section */
		A3613BD1E2C1D4616B6A9767 /* Frameworks */ = {
			isa = PBXGroup;
			children = (
				E60F84DD39D938AAB043ED11 /* Pods_ExponeaSDK.framework */,
				080033AD83490110B7A029BD /* Pods_ExponeaSDKTests.framework */,
			);
			name = Frameworks;
			sourceTree = "<group>";
		};
		BA562F8AA107D3AB3132C40D /* Pods */ = {
			isa = PBXGroup;
			children = (
				B57907D0B9C15901B882D6C2 /* Pods-ExponeaSDK.debug.xcconfig */,
				6A9541A0D49B621C7B60EAC2 /* Pods-ExponeaSDK.release.xcconfig */,
				7F633CE783D735A862037D41 /* Pods-ExponeaSDKTests.debug.xcconfig */,
				B4FE42FEB4796BF54B37662B /* Pods-ExponeaSDKTests.release.xcconfig */,
			);
			name = Pods;
			sourceTree = "<group>";
		};
		F021E84F206CF10200788ABC = {
			isa = PBXGroup;
			children = (
				F021E85B206CF10200788ABC /* ExponeaSDK */,
				F021E866206CF10200788ABC /* ExponeaSDKTests */,
				F021E85A206CF10200788ABC /* Products */,
				BA562F8AA107D3AB3132C40D /* Pods */,
				A3613BD1E2C1D4616B6A9767 /* Frameworks */,
			);
			sourceTree = "<group>";
		};
		F021E85A206CF10200788ABC /* Products */ = {
			isa = PBXGroup;
			children = (
				F021E859206CF10200788ABC /* ExponeaSDK.framework */,
				F021E862206CF10200788ABC /* ExponeaSDKTests.xctest */,
			);
			name = Products;
			sourceTree = "<group>";
		};
		F021E85B206CF10200788ABC /* ExponeaSDK */ = {
			isa = PBXGroup;
			children = (
				F021E8A9206D2B0400788ABC /* Database */,
				F021E873206CFADF00788ABC /* Supporting Files */,
			);
			path = ExponeaSDK;
			sourceTree = "<group>";
		};
		F021E866206CF10200788ABC /* ExponeaSDKTests */ = {
			isa = PBXGroup;
			children = (
				F021E867206CF10200788ABC /* ExponeaSDKTests.swift */,
				F021E869206CF10200788ABC /* Info.plist */,
			);
			path = ExponeaSDKTests;
			sourceTree = "<group>";
		};
		F021E873206CFADF00788ABC /* Supporting Files */ = {
			isa = PBXGroup;
			children = (
				F021E85C206CF10200788ABC /* ExponeaSDK.h */,
				F021E85D206CF10200788ABC /* Info.plist */,
			);
			path = "Supporting Files";
			sourceTree = "<group>";
		};
		F021E8A9206D2B0400788ABC /* Database */ = {
			isa = PBXGroup;
			children = (
				F021E8AA206D2B2E00788ABC /* ExponeaDbModel.xcdatamodeld */,
			);
			path = Database;
			sourceTree = "<group>";
		};
/* End PBXGroup section */

/* Begin PBXHeadersBuildPhase section */
		F021E856206CF10200788ABC /* Headers */ = {
			isa = PBXHeadersBuildPhase;
			buildActionMask = 2147483647;
			files = (
				F021E86A206CF10200788ABC /* ExponeaSDK.h in Headers */,
			);
			runOnlyForDeploymentPostprocessing = 0;
		};
/* End PBXHeadersBuildPhase section */

/* Begin PBXNativeTarget section */
		F021E858206CF10200788ABC /* ExponeaSDK */ = {
			isa = PBXNativeTarget;
			buildConfigurationList = F021E86D206CF10200788ABC /* Build configuration list for PBXNativeTarget "ExponeaSDK" */;
			buildPhases = (
				C274BBDE503AE53257B1623E /* [CP] Check Pods Manifest.lock */,
				01A62DCD206D193600E4EACE /* SwiftLint */,
				F021E854206CF10200788ABC /* Sources */,
				F021E855206CF10200788ABC /* Frameworks */,
				F021E856206CF10200788ABC /* Headers */,
				F021E857206CF10200788ABC /* Resources */,
				13B7A6B555A91517D17166BA /* [CP] Copy Pods Resources */,
			);
			buildRules = (
			);
			dependencies = (
			);
			name = ExponeaSDK;
			productName = ExponeaSDK;
			productReference = F021E859206CF10200788ABC /* ExponeaSDK.framework */;
			productType = "com.apple.product-type.framework";
		};
		F021E861206CF10200788ABC /* ExponeaSDKTests */ = {
			isa = PBXNativeTarget;
			buildConfigurationList = F021E870206CF10200788ABC /* Build configuration list for PBXNativeTarget "ExponeaSDKTests" */;
			buildPhases = (
				66B6C7F3C0CC28444D9F6CED /* [CP] Check Pods Manifest.lock */,
				F021E85E206CF10200788ABC /* Sources */,
				F021E85F206CF10200788ABC /* Frameworks */,
				F021E860206CF10200788ABC /* Resources */,
				A288E9F4B46FDFEBF156FF41 /* [CP] Embed Pods Frameworks */,
				C4AA5484C236880ADC4E34E4 /* [CP] Copy Pods Resources */,
			);
			buildRules = (
			);
			dependencies = (
				F021E865206CF10200788ABC /* PBXTargetDependency */,
			);
			name = ExponeaSDKTests;
			productName = ExponeaSDKTests;
			productReference = F021E862206CF10200788ABC /* ExponeaSDKTests.xctest */;
			productType = "com.apple.product-type.bundle.unit-test";
		};
/* End PBXNativeTarget section */

/* Begin PBXProject section */
		F021E850206CF10200788ABC /* Project object */ = {
			isa = PBXProject;
			attributes = {
				LastSwiftUpdateCheck = 0920;
				LastUpgradeCheck = 0920;
				ORGANIZATIONNAME = Exponea;
				TargetAttributes = {
					F021E858206CF10200788ABC = {
						CreatedOnToolsVersion = 9.2;
						ProvisioningStyle = Automatic;
					};
					F021E861206CF10200788ABC = {
						CreatedOnToolsVersion = 9.2;
						ProvisioningStyle = Automatic;
					};
				};
			};
			buildConfigurationList = F021E853206CF10200788ABC /* Build configuration list for PBXProject "ExponeaSDK" */;
			compatibilityVersion = "Xcode 8.0";
			developmentRegion = en;
			hasScannedForEncodings = 0;
			knownRegions = (
				en,
			);
			mainGroup = F021E84F206CF10200788ABC;
			productRefGroup = F021E85A206CF10200788ABC /* Products */;
			projectDirPath = "";
			projectRoot = "";
			targets = (
				F021E858206CF10200788ABC /* ExponeaSDK */,
				F021E861206CF10200788ABC /* ExponeaSDKTests */,
			);
		};
/* End PBXProject section */

/* Begin PBXResourcesBuildPhase section */
		F021E857206CF10200788ABC /* Resources */ = {
			isa = PBXResourcesBuildPhase;
			buildActionMask = 2147483647;
			files = (
			);
			runOnlyForDeploymentPostprocessing = 0;
		};
		F021E860206CF10200788ABC /* Resources */ = {
			isa = PBXResourcesBuildPhase;
			buildActionMask = 2147483647;
			files = (
			);
			runOnlyForDeploymentPostprocessing = 0;
		};
/* End PBXResourcesBuildPhase section */

/* Begin PBXShellScriptBuildPhase section */
		01A62DCD206D193600E4EACE /* SwiftLint */ = {
			isa = PBXShellScriptBuildPhase;
			buildActionMask = 2147483647;
			files = (
			);
			inputPaths = (
			);
			name = SwiftLint;
			outputPaths = (
			);
			runOnlyForDeploymentPostprocessing = 0;
			shellPath = /bin/sh;
			shellScript = "\"${PODS_ROOT}/SwiftLint/swiftlint\" autocorrect";
		};
		13B7A6B555A91517D17166BA /* [CP] Copy Pods Resources */ = {
			isa = PBXShellScriptBuildPhase;
			buildActionMask = 2147483647;
			files = (
			);
			inputPaths = (
			);
			name = "[CP] Copy Pods Resources";
			outputPaths = (
			);
			runOnlyForDeploymentPostprocessing = 0;
			shellPath = /bin/sh;
			shellScript = "\"${SRCROOT}/../Pods/Target Support Files/Pods-ExponeaSDK/Pods-ExponeaSDK-resources.sh\"\n";
			showEnvVarsInLog = 0;
		};
		66B6C7F3C0CC28444D9F6CED /* [CP] Check Pods Manifest.lock */ = {
			isa = PBXShellScriptBuildPhase;
			buildActionMask = 2147483647;
			files = (
			);
			inputPaths = (
				"${PODS_PODFILE_DIR_PATH}/Podfile.lock",
				"${PODS_ROOT}/Manifest.lock",
			);
			name = "[CP] Check Pods Manifest.lock";
			outputPaths = (
				"$(DERIVED_FILE_DIR)/Pods-ExponeaSDKTests-checkManifestLockResult.txt",
			);
			runOnlyForDeploymentPostprocessing = 0;
			shellPath = /bin/sh;
			shellScript = "diff \"${PODS_PODFILE_DIR_PATH}/Podfile.lock\" \"${PODS_ROOT}/Manifest.lock\" > /dev/null\nif [ $? != 0 ] ; then\n    # print error to STDERR\n    echo \"error: The sandbox is not in sync with the Podfile.lock. Run 'pod install' or update your CocoaPods installation.\" >&2\n    exit 1\nfi\n# This output is used by Xcode 'outputs' to avoid re-running this script phase.\necho \"SUCCESS\" > \"${SCRIPT_OUTPUT_FILE_0}\"\n";
			showEnvVarsInLog = 0;
		};
		A288E9F4B46FDFEBF156FF41 /* [CP] Embed Pods Frameworks */ = {
			isa = PBXShellScriptBuildPhase;
			buildActionMask = 2147483647;
			files = (
			);
			inputPaths = (
			);
			name = "[CP] Embed Pods Frameworks";
			outputPaths = (
			);
			runOnlyForDeploymentPostprocessing = 0;
			shellPath = /bin/sh;
			shellScript = "\"${SRCROOT}/../Pods/Target Support Files/Pods-ExponeaSDKTests/Pods-ExponeaSDKTests-frameworks.sh\"\n";
			showEnvVarsInLog = 0;
		};
		C274BBDE503AE53257B1623E /* [CP] Check Pods Manifest.lock */ = {
			isa = PBXShellScriptBuildPhase;
			buildActionMask = 2147483647;
			files = (
			);
			inputPaths = (
				"${PODS_PODFILE_DIR_PATH}/Podfile.lock",
				"${PODS_ROOT}/Manifest.lock",
			);
			name = "[CP] Check Pods Manifest.lock";
			outputPaths = (
				"$(DERIVED_FILE_DIR)/Pods-ExponeaSDK-checkManifestLockResult.txt",
			);
			runOnlyForDeploymentPostprocessing = 0;
			shellPath = /bin/sh;
			shellScript = "diff \"${PODS_PODFILE_DIR_PATH}/Podfile.lock\" \"${PODS_ROOT}/Manifest.lock\" > /dev/null\nif [ $? != 0 ] ; then\n    # print error to STDERR\n    echo \"error: The sandbox is not in sync with the Podfile.lock. Run 'pod install' or update your CocoaPods installation.\" >&2\n    exit 1\nfi\n# This output is used by Xcode 'outputs' to avoid re-running this script phase.\necho \"SUCCESS\" > \"${SCRIPT_OUTPUT_FILE_0}\"\n";
			showEnvVarsInLog = 0;
		};
		C4AA5484C236880ADC4E34E4 /* [CP] Copy Pods Resources */ = {
			isa = PBXShellScriptBuildPhase;
			buildActionMask = 2147483647;
			files = (
			);
			inputPaths = (
			);
			name = "[CP] Copy Pods Resources";
			outputPaths = (
			);
			runOnlyForDeploymentPostprocessing = 0;
			shellPath = /bin/sh;
			shellScript = "\"${SRCROOT}/../Pods/Target Support Files/Pods-ExponeaSDKTests/Pods-ExponeaSDKTests-resources.sh\"\n";
			showEnvVarsInLog = 0;
		};
/* End PBXShellScriptBuildPhase section */

/* Begin PBXSourcesBuildPhase section */
		F021E854206CF10200788ABC /* Sources */ = {
			isa = PBXSourcesBuildPhase;
			buildActionMask = 2147483647;
			files = (
				F021E8AC206D2B2E00788ABC /* ExponeaDbModel.xcdatamodeld in Sources */,
			);
			runOnlyForDeploymentPostprocessing = 0;
		};
		F021E85E206CF10200788ABC /* Sources */ = {
			isa = PBXSourcesBuildPhase;
			buildActionMask = 2147483647;
			files = (
				F021E868206CF10200788ABC /* ExponeaSDKTests.swift in Sources */,
			);
			runOnlyForDeploymentPostprocessing = 0;
		};
/* End PBXSourcesBuildPhase section */

/* Begin PBXTargetDependency section */
		F021E865206CF10200788ABC /* PBXTargetDependency */ = {
			isa = PBXTargetDependency;
			target = F021E858206CF10200788ABC /* ExponeaSDK */;
			targetProxy = F021E864206CF10200788ABC /* PBXContainerItemProxy */;
		};
/* End PBXTargetDependency section */

/* Begin XCBuildConfiguration section */
		F021E86B206CF10200788ABC /* Debug */ = {
			isa = XCBuildConfiguration;
			buildSettings = {
				ALWAYS_SEARCH_USER_PATHS = NO;
				CLANG_ANALYZER_NONNULL = YES;
				CLANG_ANALYZER_NUMBER_OBJECT_CONVERSION = YES_AGGRESSIVE;
				CLANG_CXX_LANGUAGE_STANDARD = "gnu++14";
				CLANG_CXX_LIBRARY = "libc++";
				CLANG_ENABLE_MODULES = YES;
				CLANG_ENABLE_OBJC_ARC = YES;
				CLANG_WARN_BLOCK_CAPTURE_AUTORELEASING = YES;
				CLANG_WARN_BOOL_CONVERSION = YES;
				CLANG_WARN_COMMA = YES;
				CLANG_WARN_CONSTANT_CONVERSION = YES;
				CLANG_WARN_DIRECT_OBJC_ISA_USAGE = YES_ERROR;
				CLANG_WARN_DOCUMENTATION_COMMENTS = YES;
				CLANG_WARN_EMPTY_BODY = YES;
				CLANG_WARN_ENUM_CONVERSION = YES;
				CLANG_WARN_INFINITE_RECURSION = YES;
				CLANG_WARN_INT_CONVERSION = YES;
				CLANG_WARN_NON_LITERAL_NULL_CONVERSION = YES;
				CLANG_WARN_OBJC_LITERAL_CONVERSION = YES;
				CLANG_WARN_OBJC_ROOT_CLASS = YES_ERROR;
				CLANG_WARN_RANGE_LOOP_ANALYSIS = YES;
				CLANG_WARN_STRICT_PROTOTYPES = YES;
				CLANG_WARN_SUSPICIOUS_MOVE = YES;
				CLANG_WARN_UNGUARDED_AVAILABILITY = YES_AGGRESSIVE;
				CLANG_WARN_UNREACHABLE_CODE = YES;
				CLANG_WARN__DUPLICATE_METHOD_MATCH = YES;
				CODE_SIGN_IDENTITY = "iPhone Developer";
				COPY_PHASE_STRIP = NO;
				CURRENT_PROJECT_VERSION = 1;
				DEBUG_INFORMATION_FORMAT = dwarf;
				ENABLE_STRICT_OBJC_MSGSEND = YES;
				ENABLE_TESTABILITY = YES;
				GCC_C_LANGUAGE_STANDARD = gnu11;
				GCC_DYNAMIC_NO_PIC = NO;
				GCC_NO_COMMON_BLOCKS = YES;
				GCC_OPTIMIZATION_LEVEL = 0;
				GCC_PREPROCESSOR_DEFINITIONS = (
					"DEBUG=1",
					"$(inherited)",
				);
				GCC_WARN_64_TO_32_BIT_CONVERSION = YES;
				GCC_WARN_ABOUT_RETURN_TYPE = YES_ERROR;
				GCC_WARN_UNDECLARED_SELECTOR = YES;
				GCC_WARN_UNINITIALIZED_AUTOS = YES_AGGRESSIVE;
				GCC_WARN_UNUSED_FUNCTION = YES;
				GCC_WARN_UNUSED_VARIABLE = YES;
				IPHONEOS_DEPLOYMENT_TARGET = 10.0;
				MTL_ENABLE_DEBUG_INFO = YES;
				ONLY_ACTIVE_ARCH = YES;
				SDKROOT = iphoneos;
				SWIFT_ACTIVE_COMPILATION_CONDITIONS = DEBUG;
				SWIFT_OPTIMIZATION_LEVEL = "-Onone";
				VERSIONING_SYSTEM = "apple-generic";
				VERSION_INFO_PREFIX = "";
			};
			name = Debug;
		};
		F021E86C206CF10200788ABC /* Release */ = {
			isa = XCBuildConfiguration;
			buildSettings = {
				ALWAYS_SEARCH_USER_PATHS = NO;
				CLANG_ANALYZER_NONNULL = YES;
				CLANG_ANALYZER_NUMBER_OBJECT_CONVERSION = YES_AGGRESSIVE;
				CLANG_CXX_LANGUAGE_STANDARD = "gnu++14";
				CLANG_CXX_LIBRARY = "libc++";
				CLANG_ENABLE_MODULES = YES;
				CLANG_ENABLE_OBJC_ARC = YES;
				CLANG_WARN_BLOCK_CAPTURE_AUTORELEASING = YES;
				CLANG_WARN_BOOL_CONVERSION = YES;
				CLANG_WARN_COMMA = YES;
				CLANG_WARN_CONSTANT_CONVERSION = YES;
				CLANG_WARN_DIRECT_OBJC_ISA_USAGE = YES_ERROR;
				CLANG_WARN_DOCUMENTATION_COMMENTS = YES;
				CLANG_WARN_EMPTY_BODY = YES;
				CLANG_WARN_ENUM_CONVERSION = YES;
				CLANG_WARN_INFINITE_RECURSION = YES;
				CLANG_WARN_INT_CONVERSION = YES;
				CLANG_WARN_NON_LITERAL_NULL_CONVERSION = YES;
				CLANG_WARN_OBJC_LITERAL_CONVERSION = YES;
				CLANG_WARN_OBJC_ROOT_CLASS = YES_ERROR;
				CLANG_WARN_RANGE_LOOP_ANALYSIS = YES;
				CLANG_WARN_STRICT_PROTOTYPES = YES;
				CLANG_WARN_SUSPICIOUS_MOVE = YES;
				CLANG_WARN_UNGUARDED_AVAILABILITY = YES_AGGRESSIVE;
				CLANG_WARN_UNREACHABLE_CODE = YES;
				CLANG_WARN__DUPLICATE_METHOD_MATCH = YES;
				CODE_SIGN_IDENTITY = "iPhone Developer";
				COPY_PHASE_STRIP = NO;
				CURRENT_PROJECT_VERSION = 1;
				DEBUG_INFORMATION_FORMAT = "dwarf-with-dsym";
				ENABLE_NS_ASSERTIONS = NO;
				ENABLE_STRICT_OBJC_MSGSEND = YES;
				GCC_C_LANGUAGE_STANDARD = gnu11;
				GCC_NO_COMMON_BLOCKS = YES;
				GCC_WARN_64_TO_32_BIT_CONVERSION = YES;
				GCC_WARN_ABOUT_RETURN_TYPE = YES_ERROR;
				GCC_WARN_UNDECLARED_SELECTOR = YES;
				GCC_WARN_UNINITIALIZED_AUTOS = YES_AGGRESSIVE;
				GCC_WARN_UNUSED_FUNCTION = YES;
				GCC_WARN_UNUSED_VARIABLE = YES;
				IPHONEOS_DEPLOYMENT_TARGET = 10.0;
				MTL_ENABLE_DEBUG_INFO = NO;
				SDKROOT = iphoneos;
				SWIFT_OPTIMIZATION_LEVEL = "-Owholemodule";
				VALIDATE_PRODUCT = YES;
				VERSIONING_SYSTEM = "apple-generic";
				VERSION_INFO_PREFIX = "";
			};
			name = Release;
		};
		F021E86E206CF10200788ABC /* Debug */ = {
			isa = XCBuildConfiguration;
			baseConfigurationReference = B57907D0B9C15901B882D6C2 /* Pods-ExponeaSDK.debug.xcconfig */;
			buildSettings = {
				APPLICATION_EXTENSION_API_ONLY = YES;
				CODE_SIGN_IDENTITY = "";
				CODE_SIGN_STYLE = Automatic;
				DEFINES_MODULE = YES;
				DYLIB_COMPATIBILITY_VERSION = 1;
				DYLIB_CURRENT_VERSION = 1;
				DYLIB_INSTALL_NAME_BASE = "@rpath";
				INFOPLIST_FILE = "$(SRCROOT)/ExponeaSDK/Supporting Files/Info.plist";
				INSTALL_PATH = "$(LOCAL_LIBRARY_DIR)/Frameworks";
				IPHONEOS_DEPLOYMENT_TARGET = 10.0;
				LD_RUNPATH_SEARCH_PATHS = "$(inherited) @executable_path/Frameworks @loader_path/Frameworks";
				PRODUCT_BUNDLE_IDENTIFIER = com.exponea.ExponeaSDK;
				PRODUCT_NAME = "$(TARGET_NAME:c99extidentifier)";
				SKIP_INSTALL = YES;
				SWIFT_VERSION = 4.0;
				TARGETED_DEVICE_FAMILY = "1,2";
			};
			name = Debug;
		};
		F021E86F206CF10200788ABC /* Release */ = {
			isa = XCBuildConfiguration;
			baseConfigurationReference = 6A9541A0D49B621C7B60EAC2 /* Pods-ExponeaSDK.release.xcconfig */;
			buildSettings = {
				APPLICATION_EXTENSION_API_ONLY = YES;
				CODE_SIGN_IDENTITY = "";
				CODE_SIGN_STYLE = Automatic;
				DEFINES_MODULE = YES;
				DYLIB_COMPATIBILITY_VERSION = 1;
				DYLIB_CURRENT_VERSION = 1;
				DYLIB_INSTALL_NAME_BASE = "@rpath";
				INFOPLIST_FILE = "$(SRCROOT)/ExponeaSDK/Supporting Files/Info.plist";
				INSTALL_PATH = "$(LOCAL_LIBRARY_DIR)/Frameworks";
				IPHONEOS_DEPLOYMENT_TARGET = 10.0;
				LD_RUNPATH_SEARCH_PATHS = "$(inherited) @executable_path/Frameworks @loader_path/Frameworks";
				PRODUCT_BUNDLE_IDENTIFIER = com.exponea.ExponeaSDK;
				PRODUCT_NAME = "$(TARGET_NAME:c99extidentifier)";
				SKIP_INSTALL = YES;
				SWIFT_VERSION = 4.0;
				TARGETED_DEVICE_FAMILY = "1,2";
			};
			name = Release;
		};
		F021E871206CF10200788ABC /* Debug */ = {
			isa = XCBuildConfiguration;
			baseConfigurationReference = 7F633CE783D735A862037D41 /* Pods-ExponeaSDKTests.debug.xcconfig */;
			buildSettings = {
				CODE_SIGN_STYLE = Automatic;
				INFOPLIST_FILE = ExponeaSDKTests/Info.plist;
				LD_RUNPATH_SEARCH_PATHS = "$(inherited) @executable_path/Frameworks @loader_path/Frameworks";
				PRODUCT_BUNDLE_IDENTIFIER = com.exponea.ExponeaSDKTests;
				PRODUCT_NAME = "$(TARGET_NAME)";
				SWIFT_VERSION = 4.0;
				TARGETED_DEVICE_FAMILY = "1,2";
			};
			name = Debug;
		};
		F021E872206CF10200788ABC /* Release */ = {
			isa = XCBuildConfiguration;
			baseConfigurationReference = B4FE42FEB4796BF54B37662B /* Pods-ExponeaSDKTests.release.xcconfig */;
			buildSettings = {
				CODE_SIGN_STYLE = Automatic;
				INFOPLIST_FILE = ExponeaSDKTests/Info.plist;
				LD_RUNPATH_SEARCH_PATHS = "$(inherited) @executable_path/Frameworks @loader_path/Frameworks";
				PRODUCT_BUNDLE_IDENTIFIER = com.exponea.ExponeaSDKTests;
				PRODUCT_NAME = "$(TARGET_NAME)";
				SWIFT_VERSION = 4.0;
				TARGETED_DEVICE_FAMILY = "1,2";
			};
			name = Release;
		};
/* End XCBuildConfiguration section */

/* Begin XCConfigurationList section */
		F021E853206CF10200788ABC /* Build configuration list for PBXProject "ExponeaSDK" */ = {
			isa = XCConfigurationList;
			buildConfigurations = (
				F021E86B206CF10200788ABC /* Debug */,
				F021E86C206CF10200788ABC /* Release */,
			);
			defaultConfigurationIsVisible = 0;
			defaultConfigurationName = Release;
		};
		F021E86D206CF10200788ABC /* Build configuration list for PBXNativeTarget "ExponeaSDK" */ = {
			isa = XCConfigurationList;
			buildConfigurations = (
				F021E86E206CF10200788ABC /* Debug */,
				F021E86F206CF10200788ABC /* Release */,
			);
			defaultConfigurationIsVisible = 0;
			defaultConfigurationName = Release;
		};
		F021E870206CF10200788ABC /* Build configuration list for PBXNativeTarget "ExponeaSDKTests" */ = {
			isa = XCConfigurationList;
			buildConfigurations = (
				F021E871206CF10200788ABC /* Debug */,
				F021E872206CF10200788ABC /* Release */,
			);
			defaultConfigurationIsVisible = 0;
			defaultConfigurationName = Release;
		};
/* End XCConfigurationList section */

/* Begin XCVersionGroup section */
		F021E8AA206D2B2E00788ABC /* ExponeaDbModel.xcdatamodeld */ = {
			isa = XCVersionGroup;
			children = (
				F021E8AB206D2B2E00788ABC /* ExponeaDbModel.xcdatamodel */,
			);
			currentVersion = F021E8AB206D2B2E00788ABC /* ExponeaDbModel.xcdatamodel */;
			path = ExponeaDbModel.xcdatamodeld;
			sourceTree = "<group>";
			versionGroupType = wrapper.xcdatamodel;
		};
/* End XCVersionGroup section */
	};
	rootObject = F021E850206CF10200788ABC /* Project object */;
}
